// !$*UTF8*$!
{
	archiveVersion = 1;
	classes = {
	};
	objectVersion = 50;
	objects = {

/* Begin PBXBuildFile section */
		2DD135BDC23B9B7E8649D663 /* libPods-百思不得姐Tests.a in Frameworks */ = {isa = PBXBuildFile; fileRef = FDE74FE0D6AACB45054E9C4A /* libPods-百思不得姐Tests.a */; };
		5CEA165CBE049AE5103DC2CA /* libPods-百思不得姐.a in Frameworks */ = {isa = PBXBuildFile; fileRef = B62C7F2820CDAD27B1755B13 /* libPods-百思不得姐.a */; };
		A00AC7AB2334B5A300280FD3 /* NSDate+XMGExtension.m in Sources */ = {isa = PBXBuildFile; fileRef = A00AC7AA2334B5A300280FD3 /* NSDate+XMGExtension.m */; };
		A00AC7B12334B79700280FD3 /* NSCalendar+XMGExtension.m in Sources */ = {isa = PBXBuildFile; fileRef = A00AC7B02334B79600280FD3 /* NSCalendar+XMGExtension.m */; };
		A01147A9233B0D7B0026A65D /* XMGRecommendTag.m in Sources */ = {isa = PBXBuildFile; fileRef = A01147A8233B0D7B0026A65D /* XMGRecommendTag.m */; };
		A01147B4233B0ECA0026A65D /* XMGRecommendTagViewController.m in Sources */ = {isa = PBXBuildFile; fileRef = A01147B3233B0ECA0026A65D /* XMGRecommendTagViewController.m */; };
		A01147B7233B43FA0026A65D /* UIImage+XMGExternsion.m in Sources */ = {isa = PBXBuildFile; fileRef = A01147B6233B43FA0026A65D /* UIImage+XMGExternsion.m */; };
		A01147BA233B4D780026A65D /* UIImageView+XMGExternsion.m in Sources */ = {isa = PBXBuildFile; fileRef = A01147B9233B4D780026A65D /* UIImageView+XMGExternsion.m */; };
		A01147C2233B514F0026A65D /* XMGCommentViewController.m in Sources */ = {isa = PBXBuildFile; fileRef = A01147C0233B514F0026A65D /* XMGCommentViewController.m */; };
		A01147C3233B514F0026A65D /* XMGCommentViewController.xib in Resources */ = {isa = PBXBuildFile; fileRef = A01147C1233B514F0026A65D /* XMGCommentViewController.xib */; };
		A016C2BE23332947000BB0CC /* XMGRefreshFooter.m in Sources */ = {isa = PBXBuildFile; fileRef = A016C2BC23332947000BB0CC /* XMGRefreshFooter.m */; };
		A016C2C123335B6E000BB0CC /* XMGHTTPSessionManager.m in Sources */ = {isa = PBXBuildFile; fileRef = A016C2C023335B6E000BB0CC /* XMGHTTPSessionManager.m */; };
		A016C2C4233369D4000BB0CC /* XMGTopicCell.m in Sources */ = {isa = PBXBuildFile; fileRef = A016C2C3233369D4000BB0CC /* XMGTopicCell.m */; };
		A016C2C6233369DD000BB0CC /* XMGTopicCell.xib in Resources */ = {isa = PBXBuildFile; fileRef = A016C2C5233369DD000BB0CC /* XMGTopicCell.xib */; };
		A01762DC2316BCA500AA1B75 /* XMGFollowViewController.xib in Resources */ = {isa = PBXBuildFile; fileRef = A01762DB2316BCA500AA1B75 /* XMGFollowViewController.xib */; };
		A022AA752335D32300333FB6 /* XMGUser.m in Sources */ = {isa = PBXBuildFile; fileRef = A022AA742335D32300333FB6 /* XMGUser.m */; };
		A022AA782335D36800333FB6 /* XMGComment.m in Sources */ = {isa = PBXBuildFile; fileRef = A022AA772335D36800333FB6 /* XMGComment.m */; };
		A022AA7B2335F38200333FB6 /* XMGExtensionConfig.m in Sources */ = {isa = PBXBuildFile; fileRef = A022AA7A2335F38200333FB6 /* XMGExtensionConfig.m */; };
		A022AA8323361CA900333FB6 /* XMGTopicPictureView.m in Sources */ = {isa = PBXBuildFile; fileRef = A022AA8223361CA900333FB6 /* XMGTopicPictureView.m */; };
		A022AA922336247500333FB6 /* XMGTopicVideoView.m in Sources */ = {isa = PBXBuildFile; fileRef = A022AA892336247400333FB6 /* XMGTopicVideoView.m */; };
		A022AA932336247500333FB6 /* XMGRecommendTagCell.m in Sources */ = {isa = PBXBuildFile; fileRef = A022AA8A2336247400333FB6 /* XMGRecommendTagCell.m */; };
		A022AA942336247500333FB6 /* XMGTopicVoiceView.xib in Resources */ = {isa = PBXBuildFile; fileRef = A022AA8B2336247400333FB6 /* XMGTopicVoiceView.xib */; };
		A022AA952336247500333FB6 /* XMGTopicVoiceView.m in Sources */ = {isa = PBXBuildFile; fileRef = A022AA8C2336247400333FB6 /* XMGTopicVoiceView.m */; };
		A022AA962336247500333FB6 /* XMGRecommendTagCell.xib in Resources */ = {isa = PBXBuildFile; fileRef = A022AA8D2336247400333FB6 /* XMGRecommendTagCell.xib */; };
		A04B2BD0232E371500F789F0 /* XMGMeSquareButton.m in Sources */ = {isa = PBXBuildFile; fileRef = A04B2BCF232E371500F789F0 /* XMGMeSquareButton.m */; };
		A06C11BC23179DDE00B69123 /* XMGQuickLoginButton.m in Sources */ = {isa = PBXBuildFile; fileRef = A06C11BB23179DDE00B69123 /* XMGQuickLoginButton.m */; };
		A0BD15962339CAE900EC832E /* XMGTopicVideoView.xib in Resources */ = {isa = PBXBuildFile; fileRef = A0BD15952339CAE900EC832E /* XMGTopicVideoView.xib */; };
		A0BD15982339D61D00EC832E /* XMGTopicPictureView.xib in Resources */ = {isa = PBXBuildFile; fileRef = A0BD15972339D61D00EC832E /* XMGTopicPictureView.xib */; };
		A0BD159B2339E58700EC832E /* XMGTopicViewController.m in Sources */ = {isa = PBXBuildFile; fileRef = A0BD159A2339E58700EC832E /* XMGTopicViewController.m */; };
		A0BD159F2339F23000EC832E /* XMGSeeBigViewController.xib in Resources */ = {isa = PBXBuildFile; fileRef = A0BD159D2339F23000EC832E /* XMGSeeBigViewController.xib */; };
		A0BD15A02339F23000EC832E /* XMGSeeBigViewController.m in Sources */ = {isa = PBXBuildFile; fileRef = A0BD159E2339F23000EC832E /* XMGSeeBigViewController.m */; };
		A0C1A90A23289EB0001AD1B8 /* XMGConst.m in Sources */ = {isa = PBXBuildFile; fileRef = A0C1A90923289EB0001AD1B8 /* XMGConst.m */; };
		A0C1A90D23289FB0001AD1B8 /* XMGMeCell.m in Sources */ = {isa = PBXBuildFile; fileRef = A0C1A90C23289FB0001AD1B8 /* XMGMeCell.m */; };
		A0C1A9102328D1B2001AD1B8 /* XMGMeFooterView.m in Sources */ = {isa = PBXBuildFile; fileRef = A0C1A90F2328D1B2001AD1B8 /* XMGMeFooterView.m */; };
		A0C38E02233C50D0003BA52E /* XMGCommentSectionHeader.m in Sources */ = {isa = PBXBuildFile; fileRef = A0C38E01233C50D0003BA52E /* XMGCommentSectionHeader.m */; };
		A0C38E06233C574B003BA52E /* XMGCommentCell.xib in Resources */ = {isa = PBXBuildFile; fileRef = A0C38E03233C574B003BA52E /* XMGCommentCell.xib */; };
		A0C38E07233C574B003BA52E /* XMGCommentCell.m in Sources */ = {isa = PBXBuildFile; fileRef = A0C38E05233C574B003BA52E /* XMGCommentCell.m */; };
		A0CA3ECC2330E2D300292ED4 /* XMGTitleButton.m in Sources */ = {isa = PBXBuildFile; fileRef = A0CA3ECA2330E2D300292ED4 /* XMGTitleButton.m */; };
		A0CEACC42319139800B8CF2A /* XMGLoginRegisterTextField.m in Sources */ = {isa = PBXBuildFile; fileRef = A0CEACC32319139800B8CF2A /* XMGLoginRegisterTextField.m */; };
		A0D9B22D231653A700E03904 /* UIBarButtonItem+XMGExtension.m in Sources */ = {isa = PBXBuildFile; fileRef = A0D9B22C231653A700E03904 /* UIBarButtonItem+XMGExtension.m */; };
		A0D9B230231668BE00E03904 /* XMGNavigationController.m in Sources */ = {isa = PBXBuildFile; fileRef = A0D9B22F231668BE00E03904 /* XMGNavigationController.m */; };
		A0D9B23323166F6E00E03904 /* XMGRecommendFollowViewController.m in Sources */ = {isa = PBXBuildFile; fileRef = A0D9B23223166F6E00E03904 /* XMGRecommendFollowViewController.m */; };
		A0DBFB7D23091A0000FA612E /* AppDelegate.m in Sources */ = {isa = PBXBuildFile; fileRef = A0DBFB7C23091A0000FA612E /* AppDelegate.m */; };
		A0DBFB8523091A0100FA612E /* Assets.xcassets in Resources */ = {isa = PBXBuildFile; fileRef = A0DBFB8423091A0100FA612E /* Assets.xcassets */; };
		A0DBFB8B23091A0100FA612E /* main.m in Sources */ = {isa = PBXBuildFile; fileRef = A0DBFB8A23091A0100FA612E /* main.m */; };
		A0DBFB9523091A0100FA612E /* _____Tests.m in Sources */ = {isa = PBXBuildFile; fileRef = A0DBFB9423091A0100FA612E /* _____Tests.m */; };
		A0DBFBA023091A0100FA612E /* _____UITests.m in Sources */ = {isa = PBXBuildFile; fileRef = A0DBFB9F23091A0100FA612E /* _____UITests.m */; };
		A0DBFE402328F600008851BC /* XMGMeSquare.m in Sources */ = {isa = PBXBuildFile; fileRef = A0DBFE3F2328F600008851BC /* XMGMeSquare.m */; };
		A0DBFE432328F6C2008851BC /* XMGSettingViewController.m in Sources */ = {isa = PBXBuildFile; fileRef = A0DBFE422328F6C2008851BC /* XMGSettingViewController.m */; };
		A0DE9B772310E5DE00CAA2E0 /* XMGTableBarController.m in Sources */ = {isa = PBXBuildFile; fileRef = A0DE9B762310E5DE00CAA2E0 /* XMGTableBarController.m */; };
		A0DEB5A523137FDD0054C29B /* UIView+UIView_XMGExtension.m in Sources */ = {isa = PBXBuildFile; fileRef = A0DEB5A423137FDD0054C29B /* UIView+UIView_XMGExtension.m */; };
		A0E25D3D231423100025072F /* XMGEssenceViewController.m in Sources */ = {isa = PBXBuildFile; fileRef = A0E25D3C231423100025072F /* XMGEssenceViewController.m */; };
		A0E25D402314231F0025072F /* XMGNewViewController.m in Sources */ = {isa = PBXBuildFile; fileRef = A0E25D3F2314231F0025072F /* XMGNewViewController.m */; };
		A0E25D432314233F0025072F /* XMGFollowViewController.m in Sources */ = {isa = PBXBuildFile; fileRef = A0E25D422314233F0025072F /* XMGFollowViewController.m */; };
		A0E25D462314234D0025072F /* XMGMeViewController.m in Sources */ = {isa = PBXBuildFile; fileRef = A0E25D452314234D0025072F /* XMGMeViewController.m */; };
		A0E2D39D2324C7B200330FD9 /* UITextField+XMGExtension.m in Sources */ = {isa = PBXBuildFile; fileRef = A0E2D39C2324C7B200330FD9 /* UITextField+XMGExtension.m */; };
		A0E4AE28232FD2B300055576 /* XMGClearCacheCell.m in Sources */ = {isa = PBXBuildFile; fileRef = A0E4AE27232FD2B300055576 /* XMGClearCacheCell.m */; };
		A0EAFAFF2330B9B200BC5F32 /* XMGSettingCell.m in Sources */ = {isa = PBXBuildFile; fileRef = A0EAFAFD2330B9B200BC5F32 /* XMGSettingCell.m */; };
		A0EBEBF8232F604500A02393 /* XMGWebViewController.m in Sources */ = {isa = PBXBuildFile; fileRef = A0EBEBF5232F604500A02393 /* XMGWebViewController.m */; };
		A0EBEBF9232F604500A02393 /* XMGWebViewController.xib in Resources */ = {isa = PBXBuildFile; fileRef = A0EBEBF6232F604500A02393 /* XMGWebViewController.xib */; };
		A0EBEBFC232F85EA00A02393 /* NSString+XMGExtension.m in Sources */ = {isa = PBXBuildFile; fileRef = A0EBEBFB232F85EA00A02393 /* NSString+XMGExtension.m */; };
		A0EE42BB231B4451005A4B5D /* XMGLoginRegisterViewController.xib in Resources */ = {isa = PBXBuildFile; fileRef = A0EE42B8231B4451005A4B5D /* XMGLoginRegisterViewController.xib */; };
		A0EE42BC231B4451005A4B5D /* XMGLoginRegisterViewController.m in Sources */ = {isa = PBXBuildFile; fileRef = A0EE42BA231B4451005A4B5D /* XMGLoginRegisterViewController.m */; };
		A0F21BD223128E2000339B07 /* XMGTabBar.m in Sources */ = {isa = PBXBuildFile; fileRef = A0F21BD123128E2000339B07 /* XMGTabBar.m */; };
		A0FE398B233DA3DD00A1424D /* XMGTopWindow.m in Sources */ = {isa = PBXBuildFile; fileRef = A0FE398A233DA3DD00A1424D /* XMGTopWindow.m */; };
		A0FFD8222331CA2E0075C148 /* XMGAllViewController.m in Sources */ = {isa = PBXBuildFile; fileRef = A0FFD8212331CA2E0075C148 /* XMGAllViewController.m */; };
		A0FFD8252331CA390075C148 /* XMGVideoViewController.m in Sources */ = {isa = PBXBuildFile; fileRef = A0FFD8242331CA390075C148 /* XMGVideoViewController.m */; };
		A0FFD8282331CA460075C148 /* XMGVoiceViewController.m in Sources */ = {isa = PBXBuildFile; fileRef = A0FFD8272331CA460075C148 /* XMGVoiceViewController.m */; };
		A0FFD82B2331CA510075C148 /* XMGPictureViewController.m in Sources */ = {isa = PBXBuildFile; fileRef = A0FFD82A2331CA510075C148 /* XMGPictureViewController.m */; };
		A0FFD82E2331CA6B0075C148 /* XMGWordViewController.m in Sources */ = {isa = PBXBuildFile; fileRef = A0FFD82D2331CA6B0075C148 /* XMGWordViewController.m */; };
		A0FFD83123320F590075C148 /* XMGTopic.m in Sources */ = {isa = PBXBuildFile; fileRef = A0FFD83023320F590075C148 /* XMGTopic.m */; };
		A0FFD834233232590075C148 /* XMGRefreshHeader.m in Sources */ = {isa = PBXBuildFile; fileRef = A0FFD833233232590075C148 /* XMGRefreshHeader.m */; };
		BE5CBB5D0BE4ECC68749A92C /* libPods-百思不得姐UITests.a in Frameworks */ = {isa = PBXBuildFile; fileRef = 86087CE19D2DFE4BE321F0C4 /* libPods-百思不得姐UITests.a */; };
/* End PBXBuildFile section */

/* Begin PBXContainerItemProxy section */
		A0DBFB9123091A0100FA612E /* PBXContainerItemProxy */ = {
			isa = PBXContainerItemProxy;
			containerPortal = A0DBFB7023091A0000FA612E /* Project object */;
			proxyType = 1;
			remoteGlobalIDString = A0DBFB7723091A0000FA612E;
			remoteInfo = "百思不得姐";
		};
		A0DBFB9C23091A0100FA612E /* PBXContainerItemProxy */ = {
			isa = PBXContainerItemProxy;
			containerPortal = A0DBFB7023091A0000FA612E /* Project object */;
			proxyType = 1;
			remoteGlobalIDString = A0DBFB7723091A0000FA612E;
			remoteInfo = "百思不得姐";
		};
/* End PBXContainerItemProxy section */

/* Begin PBXFileReference section */
		01946EE54921F652C80235A0 /* Pods-百思不得姐UITests.release.xcconfig */ = {isa = PBXFileReference; includeInIndex = 1; lastKnownFileType = text.xcconfig; name = "Pods-百思不得姐UITests.release.xcconfig"; path = "Pods/Target Support Files/Pods-百思不得姐UITests/Pods-百思不得姐UITests.release.xcconfig"; sourceTree = "<group>"; };
		053D199C4FC16FB08F8CE175 /* Pods-百思不得姐.release.xcconfig */ = {isa = PBXFileReference; includeInIndex = 1; lastKnownFileType = text.xcconfig; name = "Pods-百思不得姐.release.xcconfig"; path = "Pods/Target Support Files/Pods-百思不得姐/Pods-百思不得姐.release.xcconfig"; sourceTree = "<group>"; };
		17382F0CE067B412B5CEF72B /* Pods-百思不得姐UITests.debug.xcconfig */ = {isa = PBXFileReference; includeInIndex = 1; lastKnownFileType = text.xcconfig; name = "Pods-百思不得姐UITests.debug.xcconfig"; path = "Pods/Target Support Files/Pods-百思不得姐UITests/Pods-百思不得姐UITests.debug.xcconfig"; sourceTree = "<group>"; };
		75D22A8A7AB2DAA1B0AF71D9 /* Pods-百思不得姐.debug.xcconfig */ = {isa = PBXFileReference; includeInIndex = 1; lastKnownFileType = text.xcconfig; name = "Pods-百思不得姐.debug.xcconfig"; path = "Pods/Target Support Files/Pods-百思不得姐/Pods-百思不得姐.debug.xcconfig"; sourceTree = "<group>"; };
		86087CE19D2DFE4BE321F0C4 /* libPods-百思不得姐UITests.a */ = {isa = PBXFileReference; explicitFileType = archive.ar; includeInIndex = 0; path = "libPods-百思不得姐UITests.a"; sourceTree = BUILT_PRODUCTS_DIR; };
		A00AC7A92334B5A300280FD3 /* NSDate+XMGExtension.h */ = {isa = PBXFileReference; fileEncoding = 4; lastKnownFileType = sourcecode.c.h; path = "NSDate+XMGExtension.h"; sourceTree = "<group>"; };
		A00AC7AA2334B5A300280FD3 /* NSDate+XMGExtension.m */ = {isa = PBXFileReference; fileEncoding = 4; lastKnownFileType = sourcecode.c.objc; path = "NSDate+XMGExtension.m"; sourceTree = "<group>"; };
		A00AC7AF2334B79600280FD3 /* NSCalendar+XMGExtension.h */ = {isa = PBXFileReference; fileEncoding = 4; lastKnownFileType = sourcecode.c.h; path = "NSCalendar+XMGExtension.h"; sourceTree = "<group>"; };
		A00AC7B02334B79600280FD3 /* NSCalendar+XMGExtension.m */ = {isa = PBXFileReference; fileEncoding = 4; lastKnownFileType = sourcecode.c.objc; path = "NSCalendar+XMGExtension.m"; sourceTree = "<group>"; };
		A01147A7233B0D7B0026A65D /* XMGRecommendTag.h */ = {isa = PBXFileReference; fileEncoding = 4; lastKnownFileType = sourcecode.c.h; path = XMGRecommendTag.h; sourceTree = "<group>"; };
		A01147A8233B0D7B0026A65D /* XMGRecommendTag.m */ = {isa = PBXFileReference; fileEncoding = 4; lastKnownFileType = sourcecode.c.objc; path = XMGRecommendTag.m; sourceTree = "<group>"; };
		A01147B2233B0ECA0026A65D /* XMGRecommendTagViewController.h */ = {isa = PBXFileReference; fileEncoding = 4; lastKnownFileType = sourcecode.c.h; path = XMGRecommendTagViewController.h; sourceTree = "<group>"; };
		A01147B3233B0ECA0026A65D /* XMGRecommendTagViewController.m */ = {isa = PBXFileReference; fileEncoding = 4; lastKnownFileType = sourcecode.c.objc; path = XMGRecommendTagViewController.m; sourceTree = "<group>"; };
		A01147B5233B43FA0026A65D /* UIImage+XMGExternsion.h */ = {isa = PBXFileReference; lastKnownFileType = sourcecode.c.h; path = "UIImage+XMGExternsion.h"; sourceTree = "<group>"; };
		A01147B6233B43FA0026A65D /* UIImage+XMGExternsion.m */ = {isa = PBXFileReference; lastKnownFileType = sourcecode.c.objc; path = "UIImage+XMGExternsion.m"; sourceTree = "<group>"; };
		A01147B8233B4D780026A65D /* UIImageView+XMGExternsion.h */ = {isa = PBXFileReference; lastKnownFileType = sourcecode.c.h; path = "UIImageView+XMGExternsion.h"; sourceTree = "<group>"; };
		A01147B9233B4D780026A65D /* UIImageView+XMGExternsion.m */ = {isa = PBXFileReference; lastKnownFileType = sourcecode.c.objc; path = "UIImageView+XMGExternsion.m"; sourceTree = "<group>"; };
		A01147BF233B514F0026A65D /* XMGCommentViewController.h */ = {isa = PBXFileReference; fileEncoding = 4; lastKnownFileType = sourcecode.c.h; path = XMGCommentViewController.h; sourceTree = "<group>"; };
		A01147C0233B514F0026A65D /* XMGCommentViewController.m */ = {isa = PBXFileReference; fileEncoding = 4; lastKnownFileType = sourcecode.c.objc; path = XMGCommentViewController.m; sourceTree = "<group>"; };
		A01147C1233B514F0026A65D /* XMGCommentViewController.xib */ = {isa = PBXFileReference; fileEncoding = 4; lastKnownFileType = file.xib; path = XMGCommentViewController.xib; sourceTree = "<group>"; };
		A016C2BC23332947000BB0CC /* XMGRefreshFooter.m */ = {isa = PBXFileReference; fileEncoding = 4; lastKnownFileType = sourcecode.c.objc; path = XMGRefreshFooter.m; sourceTree = "<group>"; };
		A016C2BD23332947000BB0CC /* XMGRefreshFooter.h */ = {isa = PBXFileReference; fileEncoding = 4; lastKnownFileType = sourcecode.c.h; path = XMGRefreshFooter.h; sourceTree = "<group>"; };
		A016C2BF23335B6E000BB0CC /* XMGHTTPSessionManager.h */ = {isa = PBXFileReference; lastKnownFileType = sourcecode.c.h; path = XMGHTTPSessionManager.h; sourceTree = "<group>"; };
		A016C2C023335B6E000BB0CC /* XMGHTTPSessionManager.m */ = {isa = PBXFileReference; lastKnownFileType = sourcecode.c.objc; path = XMGHTTPSessionManager.m; sourceTree = "<group>"; };
		A016C2C2233369D4000BB0CC /* XMGTopicCell.h */ = {isa = PBXFileReference; lastKnownFileType = sourcecode.c.h; path = XMGTopicCell.h; sourceTree = "<group>"; };
		A016C2C3233369D4000BB0CC /* XMGTopicCell.m */ = {isa = PBXFileReference; lastKnownFileType = sourcecode.c.objc; path = XMGTopicCell.m; sourceTree = "<group>"; };
		A016C2C5233369DD000BB0CC /* XMGTopicCell.xib */ = {isa = PBXFileReference; fileEncoding = 4; lastKnownFileType = file.xib; path = XMGTopicCell.xib; sourceTree = "<group>"; };
		A01762DB2316BCA500AA1B75 /* XMGFollowViewController.xib */ = {isa = PBXFileReference; lastKnownFileType = file.xib; path = XMGFollowViewController.xib; sourceTree = "<group>"; };
		A022AA732335D32300333FB6 /* XMGUser.h */ = {isa = PBXFileReference; fileEncoding = 4; lastKnownFileType = sourcecode.c.h; path = XMGUser.h; sourceTree = "<group>"; };
		A022AA742335D32300333FB6 /* XMGUser.m */ = {isa = PBXFileReference; fileEncoding = 4; lastKnownFileType = sourcecode.c.objc; path = XMGUser.m; sourceTree = "<group>"; };
		A022AA762335D36800333FB6 /* XMGComment.h */ = {isa = PBXFileReference; lastKnownFileType = sourcecode.c.h; path = XMGComment.h; sourceTree = "<group>"; };
		A022AA772335D36800333FB6 /* XMGComment.m */ = {isa = PBXFileReference; lastKnownFileType = sourcecode.c.objc; path = XMGComment.m; sourceTree = "<group>"; };
		A022AA792335F38200333FB6 /* XMGExtensionConfig.h */ = {isa = PBXFileReference; lastKnownFileType = sourcecode.c.h; path = XMGExtensionConfig.h; sourceTree = "<group>"; };
		A022AA7A2335F38200333FB6 /* XMGExtensionConfig.m */ = {isa = PBXFileReference; lastKnownFileType = sourcecode.c.objc; path = XMGExtensionConfig.m; sourceTree = "<group>"; };
		A022AA8123361CA900333FB6 /* XMGTopicPictureView.h */ = {isa = PBXFileReference; lastKnownFileType = sourcecode.c.h; path = XMGTopicPictureView.h; sourceTree = "<group>"; };
		A022AA8223361CA900333FB6 /* XMGTopicPictureView.m */ = {isa = PBXFileReference; lastKnownFileType = sourcecode.c.objc; path = XMGTopicPictureView.m; sourceTree = "<group>"; };
		A022AA892336247400333FB6 /* XMGTopicVideoView.m */ = {isa = PBXFileReference; fileEncoding = 4; lastKnownFileType = sourcecode.c.objc; path = XMGTopicVideoView.m; sourceTree = "<group>"; };
		A022AA8A2336247400333FB6 /* XMGRecommendTagCell.m */ = {isa = PBXFileReference; fileEncoding = 4; lastKnownFileType = sourcecode.c.objc; path = XMGRecommendTagCell.m; sourceTree = "<group>"; };
		A022AA8B2336247400333FB6 /* XMGTopicVoiceView.xib */ = {isa = PBXFileReference; fileEncoding = 4; lastKnownFileType = file.xib; path = XMGTopicVoiceView.xib; sourceTree = "<group>"; };
		A022AA8C2336247400333FB6 /* XMGTopicVoiceView.m */ = {isa = PBXFileReference; fileEncoding = 4; lastKnownFileType = sourcecode.c.objc; path = XMGTopicVoiceView.m; sourceTree = "<group>"; };
		A022AA8D2336247400333FB6 /* XMGRecommendTagCell.xib */ = {isa = PBXFileReference; fileEncoding = 4; lastKnownFileType = file.xib; path = XMGRecommendTagCell.xib; sourceTree = "<group>"; };
		A022AA8E2336247400333FB6 /* XMGRecommendTagCell.h */ = {isa = PBXFileReference; fileEncoding = 4; lastKnownFileType = sourcecode.c.h; path = XMGRecommendTagCell.h; sourceTree = "<group>"; };
		A022AA8F2336247400333FB6 /* XMGTopicVideoView.h */ = {isa = PBXFileReference; fileEncoding = 4; lastKnownFileType = sourcecode.c.h; path = XMGTopicVideoView.h; sourceTree = "<group>"; };
		A022AA902336247500333FB6 /* XMGTopicVoiceView.h */ = {isa = PBXFileReference; fileEncoding = 4; lastKnownFileType = sourcecode.c.h; path = XMGTopicVoiceView.h; sourceTree = "<group>"; };
		A04B2BCE232E371500F789F0 /* XMGMeSquareButton.h */ = {isa = PBXFileReference; lastKnownFileType = sourcecode.c.h; path = XMGMeSquareButton.h; sourceTree = "<group>"; };
		A04B2BCF232E371500F789F0 /* XMGMeSquareButton.m */ = {isa = PBXFileReference; lastKnownFileType = sourcecode.c.objc; path = XMGMeSquareButton.m; sourceTree = "<group>"; };
		A06C11BA23179DDE00B69123 /* XMGQuickLoginButton.h */ = {isa = PBXFileReference; lastKnownFileType = sourcecode.c.h; path = XMGQuickLoginButton.h; sourceTree = "<group>"; };
		A06C11BB23179DDE00B69123 /* XMGQuickLoginButton.m */ = {isa = PBXFileReference; lastKnownFileType = sourcecode.c.objc; path = XMGQuickLoginButton.m; sourceTree = "<group>"; };
		A0BD15952339CAE900EC832E /* XMGTopicVideoView.xib */ = {isa = PBXFileReference; fileEncoding = 4; lastKnownFileType = file.xib; path = XMGTopicVideoView.xib; sourceTree = "<group>"; };
		A0BD15972339D61D00EC832E /* XMGTopicPictureView.xib */ = {isa = PBXFileReference; fileEncoding = 4; lastKnownFileType = file.xib; path = XMGTopicPictureView.xib; sourceTree = "<group>"; };
		A0BD15992339E58700EC832E /* XMGTopicViewController.h */ = {isa = PBXFileReference; lastKnownFileType = sourcecode.c.h; path = XMGTopicViewController.h; sourceTree = "<group>"; };
		A0BD159A2339E58700EC832E /* XMGTopicViewController.m */ = {isa = PBXFileReference; lastKnownFileType = sourcecode.c.objc; path = XMGTopicViewController.m; sourceTree = "<group>"; };
		A0BD159C2339F22F00EC832E /* XMGSeeBigViewController.h */ = {isa = PBXFileReference; fileEncoding = 4; lastKnownFileType = sourcecode.c.h; path = XMGSeeBigViewController.h; sourceTree = "<group>"; };
		A0BD159D2339F23000EC832E /* XMGSeeBigViewController.xib */ = {isa = PBXFileReference; fileEncoding = 4; lastKnownFileType = file.xib; path = XMGSeeBigViewController.xib; sourceTree = "<group>"; };
		A0BD159E2339F23000EC832E /* XMGSeeBigViewController.m */ = {isa = PBXFileReference; fileEncoding = 4; lastKnownFileType = sourcecode.c.objc; path = XMGSeeBigViewController.m; sourceTree = "<group>"; };
		A0C1A90823289EB0001AD1B8 /* XMGConst.h */ = {isa = PBXFileReference; lastKnownFileType = sourcecode.c.h; path = XMGConst.h; sourceTree = "<group>"; };
		A0C1A90923289EB0001AD1B8 /* XMGConst.m */ = {isa = PBXFileReference; lastKnownFileType = sourcecode.c.objc; path = XMGConst.m; sourceTree = "<group>"; };
		A0C1A90B23289FB0001AD1B8 /* XMGMeCell.h */ = {isa = PBXFileReference; lastKnownFileType = sourcecode.c.h; path = XMGMeCell.h; sourceTree = "<group>"; };
		A0C1A90C23289FB0001AD1B8 /* XMGMeCell.m */ = {isa = PBXFileReference; lastKnownFileType = sourcecode.c.objc; path = XMGMeCell.m; sourceTree = "<group>"; };
		A0C1A90E2328D1B2001AD1B8 /* XMGMeFooterView.h */ = {isa = PBXFileReference; lastKnownFileType = sourcecode.c.h; path = XMGMeFooterView.h; sourceTree = "<group>"; };
		A0C1A90F2328D1B2001AD1B8 /* XMGMeFooterView.m */ = {isa = PBXFileReference; lastKnownFileType = sourcecode.c.objc; path = XMGMeFooterView.m; sourceTree = "<group>"; };
		A0C38E00233C50D0003BA52E /* XMGCommentSectionHeader.h */ = {isa = PBXFileReference; lastKnownFileType = sourcecode.c.h; path = XMGCommentSectionHeader.h; sourceTree = "<group>"; };
		A0C38E01233C50D0003BA52E /* XMGCommentSectionHeader.m */ = {isa = PBXFileReference; lastKnownFileType = sourcecode.c.objc; path = XMGCommentSectionHeader.m; sourceTree = "<group>"; };
		A0C38E03233C574B003BA52E /* XMGCommentCell.xib */ = {isa = PBXFileReference; fileEncoding = 4; lastKnownFileType = file.xib; path = XMGCommentCell.xib; sourceTree = "<group>"; };
		A0C38E04233C574B003BA52E /* XMGCommentCell.h */ = {isa = PBXFileReference; fileEncoding = 4; lastKnownFileType = sourcecode.c.h; path = XMGCommentCell.h; sourceTree = "<group>"; };
		A0C38E05233C574B003BA52E /* XMGCommentCell.m */ = {isa = PBXFileReference; fileEncoding = 4; lastKnownFileType = sourcecode.c.objc; path = XMGCommentCell.m; sourceTree = "<group>"; };
		A0CA3ECA2330E2D300292ED4 /* XMGTitleButton.m */ = {isa = PBXFileReference; fileEncoding = 4; lastKnownFileType = sourcecode.c.objc; path = XMGTitleButton.m; sourceTree = "<group>"; };
		A0CA3ECB2330E2D300292ED4 /* XMGTitleButton.h */ = {isa = PBXFileReference; fileEncoding = 4; lastKnownFileType = sourcecode.c.h; path = XMGTitleButton.h; sourceTree = "<group>"; };
		A0CEACC22319139800B8CF2A /* XMGLoginRegisterTextField.h */ = {isa = PBXFileReference; lastKnownFileType = sourcecode.c.h; path = XMGLoginRegisterTextField.h; sourceTree = "<group>"; };
		A0CEACC32319139800B8CF2A /* XMGLoginRegisterTextField.m */ = {isa = PBXFileReference; lastKnownFileType = sourcecode.c.objc; path = XMGLoginRegisterTextField.m; sourceTree = "<group>"; };
		A0D9B22B231653A700E03904 /* UIBarButtonItem+XMGExtension.h */ = {isa = PBXFileReference; lastKnownFileType = sourcecode.c.h; path = "UIBarButtonItem+XMGExtension.h"; sourceTree = "<group>"; };
		A0D9B22C231653A700E03904 /* UIBarButtonItem+XMGExtension.m */ = {isa = PBXFileReference; lastKnownFileType = sourcecode.c.objc; path = "UIBarButtonItem+XMGExtension.m"; sourceTree = "<group>"; };
		A0D9B22E231668BE00E03904 /* XMGNavigationController.h */ = {isa = PBXFileReference; lastKnownFileType = sourcecode.c.h; path = XMGNavigationController.h; sourceTree = "<group>"; };
		A0D9B22F231668BE00E03904 /* XMGNavigationController.m */ = {isa = PBXFileReference; lastKnownFileType = sourcecode.c.objc; path = XMGNavigationController.m; sourceTree = "<group>"; };
		A0D9B23123166F6E00E03904 /* XMGRecommendFollowViewController.h */ = {isa = PBXFileReference; lastKnownFileType = sourcecode.c.h; path = XMGRecommendFollowViewController.h; sourceTree = "<group>"; };
		A0D9B23223166F6E00E03904 /* XMGRecommendFollowViewController.m */ = {isa = PBXFileReference; lastKnownFileType = sourcecode.c.objc; path = XMGRecommendFollowViewController.m; sourceTree = "<group>"; };
		A0DBFB7823091A0000FA612E /* 百思不得姐.app */ = {isa = PBXFileReference; explicitFileType = wrapper.application; includeInIndex = 0; path = "百思不得姐.app"; sourceTree = BUILT_PRODUCTS_DIR; };
		A0DBFB7B23091A0000FA612E /* AppDelegate.h */ = {isa = PBXFileReference; lastKnownFileType = sourcecode.c.h; path = AppDelegate.h; sourceTree = "<group>"; };
		A0DBFB7C23091A0000FA612E /* AppDelegate.m */ = {isa = PBXFileReference; lastKnownFileType = sourcecode.c.objc; path = AppDelegate.m; sourceTree = "<group>"; };
		A0DBFB8423091A0100FA612E /* Assets.xcassets */ = {isa = PBXFileReference; lastKnownFileType = folder.assetcatalog; path = Assets.xcassets; sourceTree = "<group>"; };
		A0DBFB8923091A0100FA612E /* Info.plist */ = {isa = PBXFileReference; lastKnownFileType = text.plist.xml; path = Info.plist; sourceTree = "<group>"; };
		A0DBFB8A23091A0100FA612E /* main.m */ = {isa = PBXFileReference; lastKnownFileType = sourcecode.c.objc; path = main.m; sourceTree = "<group>"; };
		A0DBFB9023091A0100FA612E /* 百思不得姐Tests.xctest */ = {isa = PBXFileReference; explicitFileType = wrapper.cfbundle; includeInIndex = 0; path = "百思不得姐Tests.xctest"; sourceTree = BUILT_PRODUCTS_DIR; };
		A0DBFB9423091A0100FA612E /* _____Tests.m */ = {isa = PBXFileReference; lastKnownFileType = sourcecode.c.objc; path = "_____Tests.m"; sourceTree = "<group>"; };
		A0DBFB9623091A0100FA612E /* Info.plist */ = {isa = PBXFileReference; lastKnownFileType = text.plist.xml; path = Info.plist; sourceTree = "<group>"; };
		A0DBFB9B23091A0100FA612E /* 百思不得姐UITests.xctest */ = {isa = PBXFileReference; explicitFileType = wrapper.cfbundle; includeInIndex = 0; path = "百思不得姐UITests.xctest"; sourceTree = BUILT_PRODUCTS_DIR; };
		A0DBFB9F23091A0100FA612E /* _____UITests.m */ = {isa = PBXFileReference; lastKnownFileType = sourcecode.c.objc; path = "_____UITests.m"; sourceTree = "<group>"; };
		A0DBFBA123091A0100FA612E /* Info.plist */ = {isa = PBXFileReference; lastKnownFileType = text.plist.xml; path = Info.plist; sourceTree = "<group>"; };
		A0DBFE3E2328F600008851BC /* XMGMeSquare.h */ = {isa = PBXFileReference; lastKnownFileType = sourcecode.c.h; path = XMGMeSquare.h; sourceTree = "<group>"; };
		A0DBFE3F2328F600008851BC /* XMGMeSquare.m */ = {isa = PBXFileReference; lastKnownFileType = sourcecode.c.objc; path = XMGMeSquare.m; sourceTree = "<group>"; };
		A0DBFE412328F6C2008851BC /* XMGSettingViewController.h */ = {isa = PBXFileReference; fileEncoding = 4; lastKnownFileType = sourcecode.c.h; path = XMGSettingViewController.h; sourceTree = "<group>"; };
		A0DBFE422328F6C2008851BC /* XMGSettingViewController.m */ = {isa = PBXFileReference; fileEncoding = 4; lastKnownFileType = sourcecode.c.objc; path = XMGSettingViewController.m; sourceTree = "<group>"; };
		A0DE9B752310E5DE00CAA2E0 /* XMGTableBarController.h */ = {isa = PBXFileReference; lastKnownFileType = sourcecode.c.h; path = XMGTableBarController.h; sourceTree = "<group>"; };
		A0DE9B762310E5DE00CAA2E0 /* XMGTableBarController.m */ = {isa = PBXFileReference; lastKnownFileType = sourcecode.c.objc; path = XMGTableBarController.m; sourceTree = "<group>"; };
		A0DE9B78231119CF00CAA2E0 /* PrefixHeader.pch */ = {isa = PBXFileReference; lastKnownFileType = sourcecode.c.h; path = PrefixHeader.pch; sourceTree = "<group>"; };
		A0DEB5A323137FDD0054C29B /* UIView+UIView_XMGExtension.h */ = {isa = PBXFileReference; lastKnownFileType = sourcecode.c.h; path = "UIView+UIView_XMGExtension.h"; sourceTree = "<group>"; };
		A0DEB5A423137FDD0054C29B /* UIView+UIView_XMGExtension.m */ = {isa = PBXFileReference; lastKnownFileType = sourcecode.c.objc; path = "UIView+UIView_XMGExtension.m"; sourceTree = "<group>"; };
		A0E25D3B231423100025072F /* XMGEssenceViewController.h */ = {isa = PBXFileReference; lastKnownFileType = sourcecode.c.h; path = XMGEssenceViewController.h; sourceTree = "<group>"; };
		A0E25D3C231423100025072F /* XMGEssenceViewController.m */ = {isa = PBXFileReference; lastKnownFileType = sourcecode.c.objc; path = XMGEssenceViewController.m; sourceTree = "<group>"; };
		A0E25D3E2314231F0025072F /* XMGNewViewController.h */ = {isa = PBXFileReference; lastKnownFileType = sourcecode.c.h; path = XMGNewViewController.h; sourceTree = "<group>"; };
		A0E25D3F2314231F0025072F /* XMGNewViewController.m */ = {isa = PBXFileReference; lastKnownFileType = sourcecode.c.objc; path = XMGNewViewController.m; sourceTree = "<group>"; };
		A0E25D412314233F0025072F /* XMGFollowViewController.h */ = {isa = PBXFileReference; lastKnownFileType = sourcecode.c.h; path = XMGFollowViewController.h; sourceTree = "<group>"; };
		A0E25D422314233F0025072F /* XMGFollowViewController.m */ = {isa = PBXFileReference; lastKnownFileType = sourcecode.c.objc; path = XMGFollowViewController.m; sourceTree = "<group>"; };
		A0E25D442314234D0025072F /* XMGMeViewController.h */ = {isa = PBXFileReference; lastKnownFileType = sourcecode.c.h; path = XMGMeViewController.h; sourceTree = "<group>"; };
		A0E25D452314234D0025072F /* XMGMeViewController.m */ = {isa = PBXFileReference; lastKnownFileType = sourcecode.c.objc; path = XMGMeViewController.m; sourceTree = "<group>"; };
		A0E2D39B2324C7B200330FD9 /* UITextField+XMGExtension.h */ = {isa = PBXFileReference; lastKnownFileType = sourcecode.c.h; path = "UITextField+XMGExtension.h"; sourceTree = "<group>"; };
		A0E2D39C2324C7B200330FD9 /* UITextField+XMGExtension.m */ = {isa = PBXFileReference; lastKnownFileType = sourcecode.c.objc; path = "UITextField+XMGExtension.m"; sourceTree = "<group>"; };
		A0E4AE26232FD2B300055576 /* XMGClearCacheCell.h */ = {isa = PBXFileReference; fileEncoding = 4; lastKnownFileType = sourcecode.c.h; path = XMGClearCacheCell.h; sourceTree = "<group>"; };
		A0E4AE27232FD2B300055576 /* XMGClearCacheCell.m */ = {isa = PBXFileReference; fileEncoding = 4; lastKnownFileType = sourcecode.c.objc; path = XMGClearCacheCell.m; sourceTree = "<group>"; };
		A0EAFAFD2330B9B200BC5F32 /* XMGSettingCell.m */ = {isa = PBXFileReference; fileEncoding = 4; lastKnownFileType = sourcecode.c.objc; path = XMGSettingCell.m; sourceTree = "<group>"; };
		A0EAFAFE2330B9B200BC5F32 /* XMGSettingCell.h */ = {isa = PBXFileReference; fileEncoding = 4; lastKnownFileType = sourcecode.c.h; path = XMGSettingCell.h; sourceTree = "<group>"; };
		A0EBEBF5232F604500A02393 /* XMGWebViewController.m */ = {isa = PBXFileReference; fileEncoding = 4; lastKnownFileType = sourcecode.c.objc; path = XMGWebViewController.m; sourceTree = "<group>"; };
		A0EBEBF6232F604500A02393 /* XMGWebViewController.xib */ = {isa = PBXFileReference; fileEncoding = 4; lastKnownFileType = file.xib; path = XMGWebViewController.xib; sourceTree = "<group>"; };
		A0EBEBF7232F604500A02393 /* XMGWebViewController.h */ = {isa = PBXFileReference; fileEncoding = 4; lastKnownFileType = sourcecode.c.h; path = XMGWebViewController.h; sourceTree = "<group>"; };
		A0EBEBFA232F85EA00A02393 /* NSString+XMGExtension.h */ = {isa = PBXFileReference; lastKnownFileType = sourcecode.c.h; path = "NSString+XMGExtension.h"; sourceTree = "<group>"; };
		A0EBEBFB232F85EA00A02393 /* NSString+XMGExtension.m */ = {isa = PBXFileReference; lastKnownFileType = sourcecode.c.objc; path = "NSString+XMGExtension.m"; sourceTree = "<group>"; };
		A0EE42B8231B4451005A4B5D /* XMGLoginRegisterViewController.xib */ = {isa = PBXFileReference; fileEncoding = 4; lastKnownFileType = file.xib; path = XMGLoginRegisterViewController.xib; sourceTree = "<group>"; };
		A0EE42B9231B4451005A4B5D /* XMGLoginRegisterViewController.h */ = {isa = PBXFileReference; fileEncoding = 4; lastKnownFileType = sourcecode.c.h; path = XMGLoginRegisterViewController.h; sourceTree = "<group>"; };
		A0EE42BA231B4451005A4B5D /* XMGLoginRegisterViewController.m */ = {isa = PBXFileReference; fileEncoding = 4; lastKnownFileType = sourcecode.c.objc; path = XMGLoginRegisterViewController.m; sourceTree = "<group>"; };
		A0F21BD023128E2000339B07 /* XMGTabBar.h */ = {isa = PBXFileReference; lastKnownFileType = sourcecode.c.h; path = XMGTabBar.h; sourceTree = "<group>"; };
		A0F21BD123128E2000339B07 /* XMGTabBar.m */ = {isa = PBXFileReference; lastKnownFileType = sourcecode.c.objc; path = XMGTabBar.m; sourceTree = "<group>"; };
		A0FE3989233DA3DD00A1424D /* XMGTopWindow.h */ = {isa = PBXFileReference; fileEncoding = 4; lastKnownFileType = sourcecode.c.h; path = XMGTopWindow.h; sourceTree = "<group>"; };
		A0FE398A233DA3DD00A1424D /* XMGTopWindow.m */ = {isa = PBXFileReference; fileEncoding = 4; lastKnownFileType = sourcecode.c.objc; path = XMGTopWindow.m; sourceTree = "<group>"; };
		A0FFD8202331CA2E0075C148 /* XMGAllViewController.h */ = {isa = PBXFileReference; lastKnownFileType = sourcecode.c.h; path = XMGAllViewController.h; sourceTree = "<group>"; };
		A0FFD8212331CA2E0075C148 /* XMGAllViewController.m */ = {isa = PBXFileReference; lastKnownFileType = sourcecode.c.objc; path = XMGAllViewController.m; sourceTree = "<group>"; };
		A0FFD8232331CA390075C148 /* XMGVideoViewController.h */ = {isa = PBXFileReference; lastKnownFileType = sourcecode.c.h; path = XMGVideoViewController.h; sourceTree = "<group>"; };
		A0FFD8242331CA390075C148 /* XMGVideoViewController.m */ = {isa = PBXFileReference; lastKnownFileType = sourcecode.c.objc; path = XMGVideoViewController.m; sourceTree = "<group>"; };
		A0FFD8262331CA460075C148 /* XMGVoiceViewController.h */ = {isa = PBXFileReference; lastKnownFileType = sourcecode.c.h; path = XMGVoiceViewController.h; sourceTree = "<group>"; };
		A0FFD8272331CA460075C148 /* XMGVoiceViewController.m */ = {isa = PBXFileReference; lastKnownFileType = sourcecode.c.objc; path = XMGVoiceViewController.m; sourceTree = "<group>"; };
		A0FFD8292331CA510075C148 /* XMGPictureViewController.h */ = {isa = PBXFileReference; lastKnownFileType = sourcecode.c.h; path = XMGPictureViewController.h; sourceTree = "<group>"; };
		A0FFD82A2331CA510075C148 /* XMGPictureViewController.m */ = {isa = PBXFileReference; lastKnownFileType = sourcecode.c.objc; path = XMGPictureViewController.m; sourceTree = "<group>"; };
		A0FFD82C2331CA6B0075C148 /* XMGWordViewController.h */ = {isa = PBXFileReference; lastKnownFileType = sourcecode.c.h; path = XMGWordViewController.h; sourceTree = "<group>"; };
		A0FFD82D2331CA6B0075C148 /* XMGWordViewController.m */ = {isa = PBXFileReference; lastKnownFileType = sourcecode.c.objc; path = XMGWordViewController.m; sourceTree = "<group>"; };
		A0FFD82F23320F590075C148 /* XMGTopic.h */ = {isa = PBXFileReference; fileEncoding = 4; lastKnownFileType = sourcecode.c.h; path = XMGTopic.h; sourceTree = "<group>"; };
		A0FFD83023320F590075C148 /* XMGTopic.m */ = {isa = PBXFileReference; fileEncoding = 4; lastKnownFileType = sourcecode.c.objc; path = XMGTopic.m; sourceTree = "<group>"; };
		A0FFD832233232590075C148 /* XMGRefreshHeader.h */ = {isa = PBXFileReference; lastKnownFileType = sourcecode.c.h; path = XMGRefreshHeader.h; sourceTree = "<group>"; };
		A0FFD833233232590075C148 /* XMGRefreshHeader.m */ = {isa = PBXFileReference; lastKnownFileType = sourcecode.c.objc; path = XMGRefreshHeader.m; sourceTree = "<group>"; };
		B15AAC2F7127B1AAD078ED48 /* Pods-百思不得姐Tests.release.xcconfig */ = {isa = PBXFileReference; includeInIndex = 1; lastKnownFileType = text.xcconfig; name = "Pods-百思不得姐Tests.release.xcconfig"; path = "Pods/Target Support Files/Pods-百思不得姐Tests/Pods-百思不得姐Tests.release.xcconfig"; sourceTree = "<group>"; };
		B62C7F2820CDAD27B1755B13 /* libPods-百思不得姐.a */ = {isa = PBXFileReference; explicitFileType = archive.ar; includeInIndex = 0; path = "libPods-百思不得姐.a"; sourceTree = BUILT_PRODUCTS_DIR; };
		C5C0285CA3A3EEB14F1FDF05 /* Pods-百思不得姐Tests.debug.xcconfig */ = {isa = PBXFileReference; includeInIndex = 1; lastKnownFileType = text.xcconfig; name = "Pods-百思不得姐Tests.debug.xcconfig"; path = "Pods/Target Support Files/Pods-百思不得姐Tests/Pods-百思不得姐Tests.debug.xcconfig"; sourceTree = "<group>"; };
		FDE74FE0D6AACB45054E9C4A /* libPods-百思不得姐Tests.a */ = {isa = PBXFileReference; explicitFileType = archive.ar; includeInIndex = 0; path = "libPods-百思不得姐Tests.a"; sourceTree = BUILT_PRODUCTS_DIR; };
/* End PBXFileReference section */

/* Begin PBXFrameworksBuildPhase section */
		A0DBFB7523091A0000FA612E /* Frameworks */ = {
			isa = PBXFrameworksBuildPhase;
			buildActionMask = 2147483647;
			files = (
				5CEA165CBE049AE5103DC2CA /* libPods-百思不得姐.a in Frameworks */,
			);
			runOnlyForDeploymentPostprocessing = 0;
		};
		A0DBFB8D23091A0100FA612E /* Frameworks */ = {
			isa = PBXFrameworksBuildPhase;
			buildActionMask = 2147483647;
			files = (
				2DD135BDC23B9B7E8649D663 /* libPods-百思不得姐Tests.a in Frameworks */,
			);
			runOnlyForDeploymentPostprocessing = 0;
		};
		A0DBFB9823091A0100FA612E /* Frameworks */ = {
			isa = PBXFrameworksBuildPhase;
			buildActionMask = 2147483647;
			files = (
				BE5CBB5D0BE4ECC68749A92C /* libPods-百思不得姐UITests.a in Frameworks */,
			);
			runOnlyForDeploymentPostprocessing = 0;
		};
/* End PBXFrameworksBuildPhase section */

/* Begin PBXGroup section */
		1D3E557BC6F98B1170F87371 /* Frameworks */ = {
			isa = PBXGroup;
			children = (
				B62C7F2820CDAD27B1755B13 /* libPods-百思不得姐.a */,
				FDE74FE0D6AACB45054E9C4A /* libPods-百思不得姐Tests.a */,
				86087CE19D2DFE4BE321F0C4 /* libPods-百思不得姐UITests.a */,
			);
			name = Frameworks;
			sourceTree = "<group>";
		};
		285F504E51BE767CD77F1345 /* Pods */ = {
			isa = PBXGroup;
			children = (
				75D22A8A7AB2DAA1B0AF71D9 /* Pods-百思不得姐.debug.xcconfig */,
				053D199C4FC16FB08F8CE175 /* Pods-百思不得姐.release.xcconfig */,
				C5C0285CA3A3EEB14F1FDF05 /* Pods-百思不得姐Tests.debug.xcconfig */,
				B15AAC2F7127B1AAD078ED48 /* Pods-百思不得姐Tests.release.xcconfig */,
				17382F0CE067B412B5CEF72B /* Pods-百思不得姐UITests.debug.xcconfig */,
				01946EE54921F652C80235A0 /* Pods-百思不得姐UITests.release.xcconfig */,
			);
			name = Pods;
			sourceTree = "<group>";
		};
		A01147BB233B50BD0026A65D /* Comment */ = {
			isa = PBXGroup;
			children = (
				A01147BC233B50E50026A65D /* Controller */,
				A01147BD233B50EE0026A65D /* Model */,
				A01147BE233B50F40026A65D /* View */,
			);
			path = Comment;
			sourceTree = "<group>";
		};
		A01147BC233B50E50026A65D /* Controller */ = {
			isa = PBXGroup;
			children = (
				A01147BF233B514F0026A65D /* XMGCommentViewController.h */,
				A01147C0233B514F0026A65D /* XMGCommentViewController.m */,
				A01147C1233B514F0026A65D /* XMGCommentViewController.xib */,
			);
			path = Controller;
			sourceTree = "<group>";
		};
		A01147BD233B50EE0026A65D /* Model */ = {
			isa = PBXGroup;
			children = (
			);
			path = Model;
			sourceTree = "<group>";
		};
		A01147BE233B50F40026A65D /* View */ = {
			isa = PBXGroup;
			children = (
				A0C38E04233C574B003BA52E /* XMGCommentCell.h */,
				A0C38E05233C574B003BA52E /* XMGCommentCell.m */,
				A0C38E03233C574B003BA52E /* XMGCommentCell.xib */,
				A0C38E00233C50D0003BA52E /* XMGCommentSectionHeader.h */,
				A0C38E01233C50D0003BA52E /* XMGCommentSectionHeader.m */,
			);
			path = View;
			sourceTree = "<group>";
		};
		A0DBFB6F23091A0000FA612E = {
			isa = PBXGroup;
			children = (
				A0DBFB7A23091A0000FA612E /* 百思不得姐 */,
				A0DBFB9323091A0100FA612E /* 百思不得姐Tests */,
				A0DBFB9E23091A0100FA612E /* 百思不得姐UITests */,
				A0DBFB7923091A0000FA612E /* Products */,
				285F504E51BE767CD77F1345 /* Pods */,
				1D3E557BC6F98B1170F87371 /* Frameworks */,
			);
			sourceTree = "<group>";
		};
		A0DBFB7923091A0000FA612E /* Products */ = {
			isa = PBXGroup;
			children = (
				A0DBFB7823091A0000FA612E /* 百思不得姐.app */,
				A0DBFB9023091A0100FA612E /* 百思不得姐Tests.xctest */,
				A0DBFB9B23091A0100FA612E /* 百思不得姐UITests.xctest */,
			);
			name = Products;
			sourceTree = "<group>";
		};
		A0DBFB7A23091A0000FA612E /* 百思不得姐 */ = {
			isa = PBXGroup;
			children = (
				A01147BB233B50BD0026A65D /* Comment */,
				A0E25D47231426860025072F /* Essence */,
				A0E25D4B231426E70025072F /* New */,
				A0E25D4C2314270F0025072F /* Follow */,
				A0E25D50231427470025072F /* Me */,
				A0E25D54231427770025072F /* Other */,
				A0DBFB8423091A0100FA612E /* Assets.xcassets */,
				A0DBFB8923091A0100FA612E /* Info.plist */,
			);
			path = "百思不得姐";
			sourceTree = "<group>";
		};
		A0DBFB9323091A0100FA612E /* 百思不得姐Tests */ = {
			isa = PBXGroup;
			children = (
				A0DBFB9423091A0100FA612E /* _____Tests.m */,
				A0DBFB9623091A0100FA612E /* Info.plist */,
			);
			path = "百思不得姐Tests";
			sourceTree = "<group>";
		};
		A0DBFB9E23091A0100FA612E /* 百思不得姐UITests */ = {
			isa = PBXGroup;
			children = (
				A0DBFB9F23091A0100FA612E /* _____UITests.m */,
				A0DBFBA123091A0100FA612E /* Info.plist */,
			);
			path = "百思不得姐UITests";
			sourceTree = "<group>";
		};
		A0E25D47231426860025072F /* Essence */ = {
			isa = PBXGroup;
			children = (
				A0E25D48231426C40025072F /* Controller */,
				A0E25D4A231426D10025072F /* Model */,
				A0E25D49231426CC0025072F /* View */,
			);
			path = Essence;
			sourceTree = "<group>";
		};
		A0E25D48231426C40025072F /* Controller */ = {
			isa = PBXGroup;
			children = (
				A0E25D3B231423100025072F /* XMGEssenceViewController.h */,
				A0E25D3C231423100025072F /* XMGEssenceViewController.m */,
				A0BD15992339E58700EC832E /* XMGTopicViewController.h */,
				A0BD159A2339E58700EC832E /* XMGTopicViewController.m */,
				A0FFD8202331CA2E0075C148 /* XMGAllViewController.h */,
				A0FFD8212331CA2E0075C148 /* XMGAllViewController.m */,
				A0FFD8232331CA390075C148 /* XMGVideoViewController.h */,
				A0FFD8242331CA390075C148 /* XMGVideoViewController.m */,
				A0FFD8262331CA460075C148 /* XMGVoiceViewController.h */,
				A0FFD8272331CA460075C148 /* XMGVoiceViewController.m */,
				A0FFD8292331CA510075C148 /* XMGPictureViewController.h */,
				A0FFD82A2331CA510075C148 /* XMGPictureViewController.m */,
				A0FFD82C2331CA6B0075C148 /* XMGWordViewController.h */,
				A0FFD82D2331CA6B0075C148 /* XMGWordViewController.m */,
				A0BD159C2339F22F00EC832E /* XMGSeeBigViewController.h */,
				A0BD159E2339F23000EC832E /* XMGSeeBigViewController.m */,
				A0BD159D2339F23000EC832E /* XMGSeeBigViewController.xib */,
				A01147B2233B0ECA0026A65D /* XMGRecommendTagViewController.h */,
				A01147B3233B0ECA0026A65D /* XMGRecommendTagViewController.m */,
			);
			path = Controller;
			sourceTree = "<group>";
		};
		A0E25D49231426CC0025072F /* View */ = {
			isa = PBXGroup;
			children = (
				A0CA3ECB2330E2D300292ED4 /* XMGTitleButton.h */,
				A0CA3ECA2330E2D300292ED4 /* XMGTitleButton.m */,
				A016C2C2233369D4000BB0CC /* XMGTopicCell.h */,
				A016C2C3233369D4000BB0CC /* XMGTopicCell.m */,
				A016C2C5233369DD000BB0CC /* XMGTopicCell.xib */,
				A022AA8123361CA900333FB6 /* XMGTopicPictureView.h */,
				A022AA8223361CA900333FB6 /* XMGTopicPictureView.m */,
				A0BD15972339D61D00EC832E /* XMGTopicPictureView.xib */,
				A022AA8E2336247400333FB6 /* XMGRecommendTagCell.h */,
				A022AA8A2336247400333FB6 /* XMGRecommendTagCell.m */,
				A022AA8D2336247400333FB6 /* XMGRecommendTagCell.xib */,
				A022AA8F2336247400333FB6 /* XMGTopicVideoView.h */,
				A022AA892336247400333FB6 /* XMGTopicVideoView.m */,
				A0BD15952339CAE900EC832E /* XMGTopicVideoView.xib */,
				A022AA902336247500333FB6 /* XMGTopicVoiceView.h */,
				A022AA8C2336247400333FB6 /* XMGTopicVoiceView.m */,
				A022AA8B2336247400333FB6 /* XMGTopicVoiceView.xib */,
			);
			path = View;
			sourceTree = "<group>";
		};
		A0E25D4A231426D10025072F /* Model */ = {
			isa = PBXGroup;
			children = (
				A01147A7233B0D7B0026A65D /* XMGRecommendTag.h */,
				A01147A8233B0D7B0026A65D /* XMGRecommendTag.m */,
				A0FFD82F23320F590075C148 /* XMGTopic.h */,
				A0FFD83023320F590075C148 /* XMGTopic.m */,
				A022AA732335D32300333FB6 /* XMGUser.h */,
				A022AA742335D32300333FB6 /* XMGUser.m */,
				A022AA762335D36800333FB6 /* XMGComment.h */,
				A022AA772335D36800333FB6 /* XMGComment.m */,
			);
			path = Model;
			sourceTree = "<group>";
		};
		A0E25D4B231426E70025072F /* New */ = {
			isa = PBXGroup;
			children = (
				A0E25D57231427B60025072F /* Model */,
				A0E25D56231427B10025072F /* View */,
				A0E25D55231427A80025072F /* Controller */,
			);
			path = New;
			sourceTree = "<group>";
		};
		A0E25D4C2314270F0025072F /* Follow */ = {
			isa = PBXGroup;
			children = (
				A0E25D4F231427300025072F /* Model */,
				A0E25D4E231427280025072F /* View */,
				A0E25D4D2314271C0025072F /* Controller */,
			);
			path = Follow;
			sourceTree = "<group>";
		};
		A0E25D4D2314271C0025072F /* Controller */ = {
			isa = PBXGroup;
			children = (
				A0E25D412314233F0025072F /* XMGFollowViewController.h */,
				A0E25D422314233F0025072F /* XMGFollowViewController.m */,
				A01762DB2316BCA500AA1B75 /* XMGFollowViewController.xib */,
				A0D9B23123166F6E00E03904 /* XMGRecommendFollowViewController.h */,
				A0D9B23223166F6E00E03904 /* XMGRecommendFollowViewController.m */,
			);
			path = Controller;
			sourceTree = "<group>";
		};
		A0E25D4E231427280025072F /* View */ = {
			isa = PBXGroup;
			children = (
			);
			path = View;
			sourceTree = "<group>";
		};
		A0E25D4F231427300025072F /* Model */ = {
			isa = PBXGroup;
			children = (
			);
			path = Model;
			sourceTree = "<group>";
		};
		A0E25D50231427470025072F /* Me */ = {
			isa = PBXGroup;
			children = (
				A0E25D532314275D0025072F /* Model */,
				A0E25D52231427570025072F /* View */,
				A0E25D512314274F0025072F /* Controller */,
			);
			path = Me;
			sourceTree = "<group>";
		};
		A0E25D512314274F0025072F /* Controller */ = {
			isa = PBXGroup;
			children = (
				A0EBEBF7232F604500A02393 /* XMGWebViewController.h */,
				A0EBEBF5232F604500A02393 /* XMGWebViewController.m */,
				A0EBEBF6232F604500A02393 /* XMGWebViewController.xib */,
				A0DBFE412328F6C2008851BC /* XMGSettingViewController.h */,
				A0DBFE422328F6C2008851BC /* XMGSettingViewController.m */,
				A0E25D442314234D0025072F /* XMGMeViewController.h */,
				A0E25D452314234D0025072F /* XMGMeViewController.m */,
			);
			path = Controller;
			sourceTree = "<group>";
		};
		A0E25D52231427570025072F /* View */ = {
			isa = PBXGroup;
			children = (
				A0C1A90B23289FB0001AD1B8 /* XMGMeCell.h */,
				A0C1A90C23289FB0001AD1B8 /* XMGMeCell.m */,
				A0C1A90E2328D1B2001AD1B8 /* XMGMeFooterView.h */,
				A0C1A90F2328D1B2001AD1B8 /* XMGMeFooterView.m */,
				A04B2BCE232E371500F789F0 /* XMGMeSquareButton.h */,
				A04B2BCF232E371500F789F0 /* XMGMeSquareButton.m */,
				A0E4AE26232FD2B300055576 /* XMGClearCacheCell.h */,
				A0E4AE27232FD2B300055576 /* XMGClearCacheCell.m */,
				A0EAFAFE2330B9B200BC5F32 /* XMGSettingCell.h */,
				A0EAFAFD2330B9B200BC5F32 /* XMGSettingCell.m */,
			);
			path = View;
			sourceTree = "<group>";
		};
		A0E25D532314275D0025072F /* Model */ = {
			isa = PBXGroup;
			children = (
				A0DBFE3E2328F600008851BC /* XMGMeSquare.h */,
				A0DBFE3F2328F600008851BC /* XMGMeSquare.m */,
			);
			path = Model;
			sourceTree = "<group>";
		};
		A0E25D54231427770025072F /* Other */ = {
			isa = PBXGroup;
			children = (
				A0E25D5A231428550025072F /* Controller */,
				A0E25D59231428460025072F /* View */,
				A0E25D58231428320025072F /* Category */,
				A0DBFB7B23091A0000FA612E /* AppDelegate.h */,
				A0DBFB7C23091A0000FA612E /* AppDelegate.m */,
				A0DE9B78231119CF00CAA2E0 /* PrefixHeader.pch */,
				A0DBFB8A23091A0100FA612E /* main.m */,
				A0C1A90823289EB0001AD1B8 /* XMGConst.h */,
				A0C1A90923289EB0001AD1B8 /* XMGConst.m */,
				A016C2BF23335B6E000BB0CC /* XMGHTTPSessionManager.h */,
				A016C2C023335B6E000BB0CC /* XMGHTTPSessionManager.m */,
				A022AA792335F38200333FB6 /* XMGExtensionConfig.h */,
				A022AA7A2335F38200333FB6 /* XMGExtensionConfig.m */,
			);
			path = Other;
			sourceTree = "<group>";
		};
		A0E25D55231427A80025072F /* Controller */ = {
			isa = PBXGroup;
			children = (
				A0E25D3E2314231F0025072F /* XMGNewViewController.h */,
				A0E25D3F2314231F0025072F /* XMGNewViewController.m */,
			);
			path = Controller;
			sourceTree = "<group>";
		};
		A0E25D56231427B10025072F /* View */ = {
			isa = PBXGroup;
			children = (
			);
			path = View;
			sourceTree = "<group>";
		};
		A0E25D57231427B60025072F /* Model */ = {
			isa = PBXGroup;
			children = (
			);
			path = Model;
			sourceTree = "<group>";
		};
		A0E25D58231428320025072F /* Category */ = {
			isa = PBXGroup;
			children = (
				A0DEB5A323137FDD0054C29B /* UIView+UIView_XMGExtension.h */,
				A0DEB5A423137FDD0054C29B /* UIView+UIView_XMGExtension.m */,
				A0D9B22B231653A700E03904 /* UIBarButtonItem+XMGExtension.h */,
				A0D9B22C231653A700E03904 /* UIBarButtonItem+XMGExtension.m */,
				A0E2D39B2324C7B200330FD9 /* UITextField+XMGExtension.h */,
				A0E2D39C2324C7B200330FD9 /* UITextField+XMGExtension.m */,
				A0EBEBFA232F85EA00A02393 /* NSString+XMGExtension.h */,
				A0EBEBFB232F85EA00A02393 /* NSString+XMGExtension.m */,
				A0FFD832233232590075C148 /* XMGRefreshHeader.h */,
				A0FFD833233232590075C148 /* XMGRefreshHeader.m */,
				A016C2BD23332947000BB0CC /* XMGRefreshFooter.h */,
				A016C2BC23332947000BB0CC /* XMGRefreshFooter.m */,
				A00AC7A92334B5A300280FD3 /* NSDate+XMGExtension.h */,
				A00AC7AA2334B5A300280FD3 /* NSDate+XMGExtension.m */,
				A00AC7AF2334B79600280FD3 /* NSCalendar+XMGExtension.h */,
				A00AC7B02334B79600280FD3 /* NSCalendar+XMGExtension.m */,
				A01147B5233B43FA0026A65D /* UIImage+XMGExternsion.h */,
				A01147B6233B43FA0026A65D /* UIImage+XMGExternsion.m */,
				A01147B8233B4D780026A65D /* UIImageView+XMGExternsion.h */,
				A01147B9233B4D780026A65D /* UIImageView+XMGExternsion.m */,
			);
			path = Category;
			sourceTree = "<group>";
		};
		A0E25D59231428460025072F /* View */ = {
			isa = PBXGroup;
			children = (
				A0F21BD023128E2000339B07 /* XMGTabBar.h */,
				A0F21BD123128E2000339B07 /* XMGTabBar.m */,
				A06C11BA23179DDE00B69123 /* XMGQuickLoginButton.h */,
				A06C11BB23179DDE00B69123 /* XMGQuickLoginButton.m */,
				A0CEACC22319139800B8CF2A /* XMGLoginRegisterTextField.h */,
				A0CEACC32319139800B8CF2A /* XMGLoginRegisterTextField.m */,
				A0FE3989233DA3DD00A1424D /* XMGTopWindow.h */,
				A0FE398A233DA3DD00A1424D /* XMGTopWindow.m */,
			);
			path = View;
			sourceTree = "<group>";
		};
		A0E25D5A231428550025072F /* Controller */ = {
			isa = PBXGroup;
			children = (
				A0EE42B9231B4451005A4B5D /* XMGLoginRegisterViewController.h */,
				A0EE42BA231B4451005A4B5D /* XMGLoginRegisterViewController.m */,
				A0EE42B8231B4451005A4B5D /* XMGLoginRegisterViewController.xib */,
				A0DE9B752310E5DE00CAA2E0 /* XMGTableBarController.h */,
				A0DE9B762310E5DE00CAA2E0 /* XMGTableBarController.m */,
				A0D9B22E231668BE00E03904 /* XMGNavigationController.h */,
				A0D9B22F231668BE00E03904 /* XMGNavigationController.m */,
			);
			path = Controller;
			sourceTree = "<group>";
		};
/* End PBXGroup section */

/* Begin PBXNativeTarget section */
		A0DBFB7723091A0000FA612E /* 百思不得姐 */ = {
			isa = PBXNativeTarget;
			buildConfigurationList = A0DBFBA423091A0100FA612E /* Build configuration list for PBXNativeTarget "百思不得姐" */;
			buildPhases = (
				1B3D0CA7E76CF2E9737F7FB8 /* [CP] Check Pods Manifest.lock */,
				A0DBFB7423091A0000FA612E /* Sources */,
				A0DBFB7523091A0000FA612E /* Frameworks */,
				A0DBFB7623091A0000FA612E /* Resources */,
				E09DE1F5D3BBD1CEC15CFDB5 /* [CP] Copy Pods Resources */,
			);
			buildRules = (
			);
			dependencies = (
			);
			name = "百思不得姐";
			productName = "百思不得姐";
			productReference = A0DBFB7823091A0000FA612E /* 百思不得姐.app */;
			productType = "com.apple.product-type.application";
		};
		A0DBFB8F23091A0100FA612E /* 百思不得姐Tests */ = {
			isa = PBXNativeTarget;
			buildConfigurationList = A0DBFBA723091A0100FA612E /* Build configuration list for PBXNativeTarget "百思不得姐Tests" */;
			buildPhases = (
				777DE8112EFEFFF1EC535BD5 /* [CP] Check Pods Manifest.lock */,
				A0DBFB8C23091A0100FA612E /* Sources */,
				A0DBFB8D23091A0100FA612E /* Frameworks */,
				A0DBFB8E23091A0100FA612E /* Resources */,
			);
			buildRules = (
			);
			dependencies = (
				A0DBFB9223091A0100FA612E /* PBXTargetDependency */,
			);
			name = "百思不得姐Tests";
			productName = "百思不得姐Tests";
			productReference = A0DBFB9023091A0100FA612E /* 百思不得姐Tests.xctest */;
			productType = "com.apple.product-type.bundle.unit-test";
		};
		A0DBFB9A23091A0100FA612E /* 百思不得姐UITests */ = {
			isa = PBXNativeTarget;
			buildConfigurationList = A0DBFBAA23091A0100FA612E /* Build configuration list for PBXNativeTarget "百思不得姐UITests" */;
			buildPhases = (
				76C091D74A9D9EAB531A70C2 /* [CP] Check Pods Manifest.lock */,
				A0DBFB9723091A0100FA612E /* Sources */,
				A0DBFB9823091A0100FA612E /* Frameworks */,
				A0DBFB9923091A0100FA612E /* Resources */,
			);
			buildRules = (
			);
			dependencies = (
				A0DBFB9D23091A0100FA612E /* PBXTargetDependency */,
			);
			name = "百思不得姐UITests";
			productName = "百思不得姐UITests";
			productReference = A0DBFB9B23091A0100FA612E /* 百思不得姐UITests.xctest */;
			productType = "com.apple.product-type.bundle.ui-testing";
		};
/* End PBXNativeTarget section */

/* Begin PBXProject section */
		A0DBFB7023091A0000FA612E /* Project object */ = {
			isa = PBXProject;
			attributes = {
				CLASSPREFIX = XMG;
				LastUpgradeCheck = 1030;
				ORGANIZATIONNAME = "小情调";
				TargetAttributes = {
					A0DBFB7723091A0000FA612E = {
						CreatedOnToolsVersion = 10.3;
					};
					A0DBFB8F23091A0100FA612E = {
						CreatedOnToolsVersion = 10.3;
						TestTargetID = A0DBFB7723091A0000FA612E;
					};
					A0DBFB9A23091A0100FA612E = {
						CreatedOnToolsVersion = 10.3;
						TestTargetID = A0DBFB7723091A0000FA612E;
					};
				};
			};
			buildConfigurationList = A0DBFB7323091A0000FA612E /* Build configuration list for PBXProject "百思不得姐" */;
			compatibilityVersion = "Xcode 9.3";
			developmentRegion = en;
			hasScannedForEncodings = 0;
			knownRegions = (
				en,
				Base,
			);
			mainGroup = A0DBFB6F23091A0000FA612E;
			productRefGroup = A0DBFB7923091A0000FA612E /* Products */;
			projectDirPath = "";
			projectRoot = "";
			targets = (
				A0DBFB7723091A0000FA612E /* 百思不得姐 */,
				A0DBFB8F23091A0100FA612E /* 百思不得姐Tests */,
				A0DBFB9A23091A0100FA612E /* 百思不得姐UITests */,
			);
		};
/* End PBXProject section */

/* Begin PBXResourcesBuildPhase section */
		A0DBFB7623091A0000FA612E /* Resources */ = {
			isa = PBXResourcesBuildPhase;
			buildActionMask = 2147483647;
			files = (
				A0BD15982339D61D00EC832E /* XMGTopicPictureView.xib in Resources */,
				A016C2C6233369DD000BB0CC /* XMGTopicCell.xib in Resources */,
				A022AA962336247500333FB6 /* XMGRecommendTagCell.xib in Resources */,
				A022AA942336247500333FB6 /* XMGTopicVoiceView.xib in Resources */,
				A01147C3233B514F0026A65D /* XMGCommentViewController.xib in Resources */,
				A0BD15962339CAE900EC832E /* XMGTopicVideoView.xib in Resources */,
				A0C38E06233C574B003BA52E /* XMGCommentCell.xib in Resources */,
				A01762DC2316BCA500AA1B75 /* XMGFollowViewController.xib in Resources */,
				A0BD159F2339F23000EC832E /* XMGSeeBigViewController.xib in Resources */,
				A0DBFB8523091A0100FA612E /* Assets.xcassets in Resources */,
				A0EBEBF9232F604500A02393 /* XMGWebViewController.xib in Resources */,
				A0EE42BB231B4451005A4B5D /* XMGLoginRegisterViewController.xib in Resources */,
			);
			runOnlyForDeploymentPostprocessing = 0;
		};
		A0DBFB8E23091A0100FA612E /* Resources */ = {
			isa = PBXResourcesBuildPhase;
			buildActionMask = 2147483647;
			files = (
			);
			runOnlyForDeploymentPostprocessing = 0;
		};
		A0DBFB9923091A0100FA612E /* Resources */ = {
			isa = PBXResourcesBuildPhase;
			buildActionMask = 2147483647;
			files = (
			);
			runOnlyForDeploymentPostprocessing = 0;
		};
/* End PBXResourcesBuildPhase section */

/* Begin PBXShellScriptBuildPhase section */
		1B3D0CA7E76CF2E9737F7FB8 /* [CP] Check Pods Manifest.lock */ = {
			isa = PBXShellScriptBuildPhase;
			buildActionMask = 2147483647;
			files = (
			);
			inputPaths = (
				"${PODS_PODFILE_DIR_PATH}/Podfile.lock",
				"${PODS_ROOT}/Manifest.lock",
			);
			name = "[CP] Check Pods Manifest.lock";
			outputPaths = (
				"$(DERIVED_FILE_DIR)/Pods-百思不得姐-checkManifestLockResult.txt",
			);
			runOnlyForDeploymentPostprocessing = 0;
			shellPath = /bin/sh;
			shellScript = "diff \"${PODS_PODFILE_DIR_PATH}/Podfile.lock\" \"${PODS_ROOT}/Manifest.lock\" > /dev/null\nif [ $? != 0 ] ; then\n    # print error to STDERR\n    echo \"error: The sandbox is not in sync with the Podfile.lock. Run 'pod install' or update your CocoaPods installation.\" >&2\n    exit 1\nfi\n# This output is used by Xcode 'outputs' to avoid re-running this script phase.\necho \"SUCCESS\" > \"${SCRIPT_OUTPUT_FILE_0}\"\n";
			showEnvVarsInLog = 0;
		};
		76C091D74A9D9EAB531A70C2 /* [CP] Check Pods Manifest.lock */ = {
			isa = PBXShellScriptBuildPhase;
			buildActionMask = 2147483647;
			files = (
			);
			inputPaths = (
				"${PODS_PODFILE_DIR_PATH}/Podfile.lock",
				"${PODS_ROOT}/Manifest.lock",
			);
			name = "[CP] Check Pods Manifest.lock";
			outputPaths = (
				"$(DERIVED_FILE_DIR)/Pods-百思不得姐UITests-checkManifestLockResult.txt",
			);
			runOnlyForDeploymentPostprocessing = 0;
			shellPath = /bin/sh;
			shellScript = "diff \"${PODS_PODFILE_DIR_PATH}/Podfile.lock\" \"${PODS_ROOT}/Manifest.lock\" > /dev/null\nif [ $? != 0 ] ; then\n    # print error to STDERR\n    echo \"error: The sandbox is not in sync with the Podfile.lock. Run 'pod install' or update your CocoaPods installation.\" >&2\n    exit 1\nfi\n# This output is used by Xcode 'outputs' to avoid re-running this script phase.\necho \"SUCCESS\" > \"${SCRIPT_OUTPUT_FILE_0}\"\n";
			showEnvVarsInLog = 0;
		};
		777DE8112EFEFFF1EC535BD5 /* [CP] Check Pods Manifest.lock */ = {
			isa = PBXShellScriptBuildPhase;
			buildActionMask = 2147483647;
			files = (
			);
			inputPaths = (
				"${PODS_PODFILE_DIR_PATH}/Podfile.lock",
				"${PODS_ROOT}/Manifest.lock",
			);
			name = "[CP] Check Pods Manifest.lock";
			outputPaths = (
				"$(DERIVED_FILE_DIR)/Pods-百思不得姐Tests-checkManifestLockResult.txt",
			);
			runOnlyForDeploymentPostprocessing = 0;
			shellPath = /bin/sh;
			shellScript = "diff \"${PODS_PODFILE_DIR_PATH}/Podfile.lock\" \"${PODS_ROOT}/Manifest.lock\" > /dev/null\nif [ $? != 0 ] ; then\n    # print error to STDERR\n    echo \"error: The sandbox is not in sync with the Podfile.lock. Run 'pod install' or update your CocoaPods installation.\" >&2\n    exit 1\nfi\n# This output is used by Xcode 'outputs' to avoid re-running this script phase.\necho \"SUCCESS\" > \"${SCRIPT_OUTPUT_FILE_0}\"\n";
			showEnvVarsInLog = 0;
		};
		E09DE1F5D3BBD1CEC15CFDB5 /* [CP] Copy Pods Resources */ = {
			isa = PBXShellScriptBuildPhase;
			buildActionMask = 2147483647;
			files = (
			);
			inputPaths = (
				"${SRCROOT}/Pods/Target Support Files/Pods-百思不得姐/Pods-百思不得姐-resources.sh",
				"${PODS_ROOT}/MJRefresh/MJRefresh/MJRefresh.bundle",
				"${PODS_ROOT}/SVProgressHUD/SVProgressHUD/SVProgressHUD.bundle",
			);
			name = "[CP] Copy Pods Resources";
			outputPaths = (
				"${TARGET_BUILD_DIR}/${UNLOCALIZED_RESOURCES_FOLDER_PATH}/MJRefresh.bundle",
				"${TARGET_BUILD_DIR}/${UNLOCALIZED_RESOURCES_FOLDER_PATH}/SVProgressHUD.bundle",
			);
			runOnlyForDeploymentPostprocessing = 0;
			shellPath = /bin/sh;
			shellScript = "\"${SRCROOT}/Pods/Target Support Files/Pods-百思不得姐/Pods-百思不得姐-resources.sh\"\n";
			showEnvVarsInLog = 0;
		};
/* End PBXShellScriptBuildPhase section */

/* Begin PBXSourcesBuildPhase section */
		A0DBFB7423091A0000FA612E /* Sources */ = {
			isa = PBXSourcesBuildPhase;
			buildActionMask = 2147483647;
			files = (
				A0E25D3D231423100025072F /* XMGEssenceViewController.m in Sources */,
				A0FFD8222331CA2E0075C148 /* XMGAllViewController.m in Sources */,
				A0E2D39D2324C7B200330FD9 /* UITextField+XMGExtension.m in Sources */,
				A0D9B23323166F6E00E03904 /* XMGRecommendFollowViewController.m in Sources */,
				A0DBFE402328F600008851BC /* XMGMeSquare.m in Sources */,
				A01147B4233B0ECA0026A65D /* XMGRecommendTagViewController.m in Sources */,
				A0D9B230231668BE00E03904 /* XMGNavigationController.m in Sources */,
				A0DBFB8B23091A0100FA612E /* main.m in Sources */,
				A022AA922336247500333FB6 /* XMGTopicVideoView.m in Sources */,
				A00AC7AB2334B5A300280FD3 /* NSDate+XMGExtension.m in Sources */,
				A0E25D432314233F0025072F /* XMGFollowViewController.m in Sources */,
				A0FFD8252331CA390075C148 /* XMGVideoViewController.m in Sources */,
				A0EBEBF8232F604500A02393 /* XMGWebViewController.m in Sources */,
				A01147A9233B0D7B0026A65D /* XMGRecommendTag.m in Sources */,
				A022AA952336247500333FB6 /* XMGTopicVoiceView.m in Sources */,
				A0DE9B772310E5DE00CAA2E0 /* XMGTableBarController.m in Sources */,
				A0FE398B233DA3DD00A1424D /* XMGTopWindow.m in Sources */,
				A0C1A9102328D1B2001AD1B8 /* XMGMeFooterView.m in Sources */,
				A0E4AE28232FD2B300055576 /* XMGClearCacheCell.m in Sources */,
				A04B2BD0232E371500F789F0 /* XMGMeSquareButton.m in Sources */,
				A0FFD8282331CA460075C148 /* XMGVoiceViewController.m in Sources */,
				A01147C2233B514F0026A65D /* XMGCommentViewController.m in Sources */,
				A0BD159B2339E58700EC832E /* XMGTopicViewController.m in Sources */,
				A0FFD83123320F590075C148 /* XMGTopic.m in Sources */,
				A06C11BC23179DDE00B69123 /* XMGQuickLoginButton.m in Sources */,
				A0FFD834233232590075C148 /* XMGRefreshHeader.m in Sources */,
				A0EAFAFF2330B9B200BC5F32 /* XMGSettingCell.m in Sources */,
				A0FFD82B2331CA510075C148 /* XMGPictureViewController.m in Sources */,
				A0C38E02233C50D0003BA52E /* XMGCommentSectionHeader.m in Sources */,
				A0EE42BC231B4451005A4B5D /* XMGLoginRegisterViewController.m in Sources */,
				A0CA3ECC2330E2D300292ED4 /* XMGTitleButton.m in Sources */,
				A0C1A90D23289FB0001AD1B8 /* XMGMeCell.m in Sources */,
				A0EBEBFC232F85EA00A02393 /* NSString+XMGExtension.m in Sources */,
				A016C2BE23332947000BB0CC /* XMGRefreshFooter.m in Sources */,
				A0C1A90A23289EB0001AD1B8 /* XMGConst.m in Sources */,
				A0BD15A02339F23000EC832E /* XMGSeeBigViewController.m in Sources */,
				A0DBFE432328F6C2008851BC /* XMGSettingViewController.m in Sources */,
				A0C38E07233C574B003BA52E /* XMGCommentCell.m in Sources */,
				A0CEACC42319139800B8CF2A /* XMGLoginRegisterTextField.m in Sources */,
				A0FFD82E2331CA6B0075C148 /* XMGWordViewController.m in Sources */,
				A022AA932336247500333FB6 /* XMGRecommendTagCell.m in Sources */,
				A022AA7B2335F38200333FB6 /* XMGExtensionConfig.m in Sources */,
				A00AC7B12334B79700280FD3 /* NSCalendar+XMGExtension.m in Sources */,
				A0DEB5A523137FDD0054C29B /* UIView+UIView_XMGExtension.m in Sources */,
				A01147BA233B4D780026A65D /* UIImageView+XMGExternsion.m in Sources */,
				A0F21BD223128E2000339B07 /* XMGTabBar.m in Sources */,
				A0E25D462314234D0025072F /* XMGMeViewController.m in Sources */,
				A0E25D402314231F0025072F /* XMGNewViewController.m in Sources */,
				A016C2C123335B6E000BB0CC /* XMGHTTPSessionManager.m in Sources */,
				A0D9B22D231653A700E03904 /* UIBarButtonItem+XMGExtension.m in Sources */,
				A016C2C4233369D4000BB0CC /* XMGTopicCell.m in Sources */,
				A022AA8323361CA900333FB6 /* XMGTopicPictureView.m in Sources */,
				A0DBFB7D23091A0000FA612E /* AppDelegate.m in Sources */,
				A01147B7233B43FA0026A65D /* UIImage+XMGExternsion.m in Sources */,
				A022AA782335D36800333FB6 /* XMGComment.m in Sources */,
				A022AA752335D32300333FB6 /* XMGUser.m in Sources */,
			);
			runOnlyForDeploymentPostprocessing = 0;
		};
		A0DBFB8C23091A0100FA612E /* Sources */ = {
			isa = PBXSourcesBuildPhase;
			buildActionMask = 2147483647;
			files = (
				A0DBFB9523091A0100FA612E /* _____Tests.m in Sources */,
			);
			runOnlyForDeploymentPostprocessing = 0;
		};
		A0DBFB9723091A0100FA612E /* Sources */ = {
			isa = PBXSourcesBuildPhase;
			buildActionMask = 2147483647;
			files = (
				A0DBFBA023091A0100FA612E /* _____UITests.m in Sources */,
			);
			runOnlyForDeploymentPostprocessing = 0;
		};
/* End PBXSourcesBuildPhase section */

/* Begin PBXTargetDependency section */
		A0DBFB9223091A0100FA612E /* PBXTargetDependency */ = {
			isa = PBXTargetDependency;
			target = A0DBFB7723091A0000FA612E /* 百思不得姐 */;
			targetProxy = A0DBFB9123091A0100FA612E /* PBXContainerItemProxy */;
		};
		A0DBFB9D23091A0100FA612E /* PBXTargetDependency */ = {
			isa = PBXTargetDependency;
			target = A0DBFB7723091A0000FA612E /* 百思不得姐 */;
			targetProxy = A0DBFB9C23091A0100FA612E /* PBXContainerItemProxy */;
		};
/* End PBXTargetDependency section */

/* Begin XCBuildConfiguration section */
		A0DBFBA223091A0100FA612E /* Debug */ = {
			isa = XCBuildConfiguration;
			buildSettings = {
				ALWAYS_SEARCH_USER_PATHS = NO;
				CLANG_ANALYZER_NONNULL = YES;
				CLANG_ANALYZER_NUMBER_OBJECT_CONVERSION = YES_AGGRESSIVE;
				CLANG_CXX_LANGUAGE_STANDARD = "gnu++14";
				CLANG_CXX_LIBRARY = "libc++";
				CLANG_ENABLE_MODULES = YES;
				CLANG_ENABLE_OBJC_ARC = YES;
				CLANG_ENABLE_OBJC_WEAK = YES;
				CLANG_WARN_BLOCK_CAPTURE_AUTORELEASING = YES;
				CLANG_WARN_BOOL_CONVERSION = YES;
				CLANG_WARN_COMMA = YES;
				CLANG_WARN_CONSTANT_CONVERSION = YES;
				CLANG_WARN_DEPRECATED_OBJC_IMPLEMENTATIONS = YES;
				CLANG_WARN_DIRECT_OBJC_ISA_USAGE = YES_ERROR;
				CLANG_WARN_DOCUMENTATION_COMMENTS = YES;
				CLANG_WARN_EMPTY_BODY = YES;
				CLANG_WARN_ENUM_CONVERSION = YES;
				CLANG_WARN_INFINITE_RECURSION = YES;
				CLANG_WARN_INT_CONVERSION = YES;
				CLANG_WARN_NON_LITERAL_NULL_CONVERSION = YES;
				CLANG_WARN_OBJC_IMPLICIT_RETAIN_SELF = YES;
				CLANG_WARN_OBJC_LITERAL_CONVERSION = YES;
				CLANG_WARN_OBJC_ROOT_CLASS = YES_ERROR;
				CLANG_WARN_RANGE_LOOP_ANALYSIS = YES;
				CLANG_WARN_STRICT_PROTOTYPES = YES;
				CLANG_WARN_SUSPICIOUS_MOVE = YES;
				CLANG_WARN_UNGUARDED_AVAILABILITY = YES_AGGRESSIVE;
				CLANG_WARN_UNREACHABLE_CODE = YES;
				CLANG_WARN__DUPLICATE_METHOD_MATCH = YES;
				CODE_SIGN_IDENTITY = "iPhone Developer";
				COPY_PHASE_STRIP = NO;
				DEBUG_INFORMATION_FORMAT = dwarf;
				ENABLE_STRICT_OBJC_MSGSEND = YES;
				ENABLE_TESTABILITY = YES;
				GCC_C_LANGUAGE_STANDARD = gnu11;
				GCC_DYNAMIC_NO_PIC = NO;
				GCC_NO_COMMON_BLOCKS = YES;
				GCC_OPTIMIZATION_LEVEL = 0;
				GCC_PREPROCESSOR_DEFINITIONS = (
					"DEBUG=1",
					"$(inherited)",
				);
				GCC_WARN_64_TO_32_BIT_CONVERSION = YES;
				GCC_WARN_ABOUT_RETURN_TYPE = YES_ERROR;
				GCC_WARN_UNDECLARED_SELECTOR = YES;
				GCC_WARN_UNINITIALIZED_AUTOS = YES_AGGRESSIVE;
				GCC_WARN_UNUSED_FUNCTION = YES;
				GCC_WARN_UNUSED_VARIABLE = YES;
				IPHONEOS_DEPLOYMENT_TARGET = 12.4;
				MTL_ENABLE_DEBUG_INFO = INCLUDE_SOURCE;
				MTL_FAST_MATH = YES;
				ONLY_ACTIVE_ARCH = YES;
				SDKROOT = iphoneos;
			};
			name = Debug;
		};
		A0DBFBA323091A0100FA612E /* Release */ = {
			isa = XCBuildConfiguration;
			buildSettings = {
				ALWAYS_SEARCH_USER_PATHS = NO;
				CLANG_ANALYZER_NONNULL = YES;
				CLANG_ANALYZER_NUMBER_OBJECT_CONVERSION = YES_AGGRESSIVE;
				CLANG_CXX_LANGUAGE_STANDARD = "gnu++14";
				CLANG_CXX_LIBRARY = "libc++";
				CLANG_ENABLE_MODULES = YES;
				CLANG_ENABLE_OBJC_ARC = YES;
				CLANG_ENABLE_OBJC_WEAK = YES;
				CLANG_WARN_BLOCK_CAPTURE_AUTORELEASING = YES;
				CLANG_WARN_BOOL_CONVERSION = YES;
				CLANG_WARN_COMMA = YES;
				CLANG_WARN_CONSTANT_CONVERSION = YES;
				CLANG_WARN_DEPRECATED_OBJC_IMPLEMENTATIONS = YES;
				CLANG_WARN_DIRECT_OBJC_ISA_USAGE = YES_ERROR;
				CLANG_WARN_DOCUMENTATION_COMMENTS = YES;
				CLANG_WARN_EMPTY_BODY = YES;
				CLANG_WARN_ENUM_CONVERSION = YES;
				CLANG_WARN_INFINITE_RECURSION = YES;
				CLANG_WARN_INT_CONVERSION = YES;
				CLANG_WARN_NON_LITERAL_NULL_CONVERSION = YES;
				CLANG_WARN_OBJC_IMPLICIT_RETAIN_SELF = YES;
				CLANG_WARN_OBJC_LITERAL_CONVERSION = YES;
				CLANG_WARN_OBJC_ROOT_CLASS = YES_ERROR;
				CLANG_WARN_RANGE_LOOP_ANALYSIS = YES;
				CLANG_WARN_STRICT_PROTOTYPES = YES;
				CLANG_WARN_SUSPICIOUS_MOVE = YES;
				CLANG_WARN_UNGUARDED_AVAILABILITY = YES_AGGRESSIVE;
				CLANG_WARN_UNREACHABLE_CODE = YES;
				CLANG_WARN__DUPLICATE_METHOD_MATCH = YES;
				CODE_SIGN_IDENTITY = "iPhone Developer";
				COPY_PHASE_STRIP = NO;
				DEBUG_INFORMATION_FORMAT = "dwarf-with-dsym";
				ENABLE_NS_ASSERTIONS = NO;
				ENABLE_STRICT_OBJC_MSGSEND = YES;
				GCC_C_LANGUAGE_STANDARD = gnu11;
				GCC_NO_COMMON_BLOCKS = YES;
				GCC_WARN_64_TO_32_BIT_CONVERSION = YES;
				GCC_WARN_ABOUT_RETURN_TYPE = YES_ERROR;
				GCC_WARN_UNDECLARED_SELECTOR = YES;
				GCC_WARN_UNINITIALIZED_AUTOS = YES_AGGRESSIVE;
				GCC_WARN_UNUSED_FUNCTION = YES;
				GCC_WARN_UNUSED_VARIABLE = YES;
				IPHONEOS_DEPLOYMENT_TARGET = 12.4;
				MTL_ENABLE_DEBUG_INFO = NO;
				MTL_FAST_MATH = YES;
				SDKROOT = iphoneos;
				VALIDATE_PRODUCT = YES;
			};
			name = Release;
		};
		A0DBFBA523091A0100FA612E /* Debug */ = {
			isa = XCBuildConfiguration;
			baseConfigurationReference = 75D22A8A7AB2DAA1B0AF71D9 /* Pods-百思不得姐.debug.xcconfig */;
			buildSettings = {
				ASSETCATALOG_COMPILER_APPICON_NAME = AppIcon;
				ASSETCATALOG_COMPILER_LAUNCHIMAGE_NAME = BrandAsset;
				CODE_SIGN_STYLE = Automatic;
				DEVELOPMENT_TEAM = X95794EHTS;
				GCC_PREFIX_HEADER = "百思不得姐/Other/PrefixHeader.pch";
				INFOPLIST_FILE = "百思不得姐/Info.plist";
				IPHONEOS_DEPLOYMENT_TARGET = 9.0;
				LD_RUNPATH_SEARCH_PATHS = (
					"$(inherited)",
					"@executable_path/Frameworks",
				);
				PRODUCT_BUNDLE_IDENTIFIER = "www.sunzexin.com.-----";
				PRODUCT_NAME = "$(TARGET_NAME)";
				TARGETED_DEVICE_FAMILY = 1;
			};
			name = Debug;
		};
		A0DBFBA623091A0100FA612E /* Release */ = {
			isa = XCBuildConfiguration;
			baseConfigurationReference = 053D199C4FC16FB08F8CE175 /* Pods-百思不得姐.release.xcconfig */;
			buildSettings = {
				ASSETCATALOG_COMPILER_APPICON_NAME = AppIcon;
				ASSETCATALOG_COMPILER_LAUNCHIMAGE_NAME = BrandAsset;
				CODE_SIGN_STYLE = Automatic;
				DEVELOPMENT_TEAM = X95794EHTS;
				GCC_PREFIX_HEADER = "百思不得姐/Other/PrefixHeader.pch";
				INFOPLIST_FILE = "百思不得姐/Info.plist";
				IPHONEOS_DEPLOYMENT_TARGET = 9.0;
				LD_RUNPATH_SEARCH_PATHS = (
					"$(inherited)",
					"@executable_path/Frameworks",
				);
				PRODUCT_BUNDLE_IDENTIFIER = "www.sunzexin.com.-----";
				PRODUCT_NAME = "$(TARGET_NAME)";
				TARGETED_DEVICE_FAMILY = 1;
			};
			name = Release;
		};
		A0DBFBA823091A0100FA612E /* Debug */ = {
			isa = XCBuildConfiguration;
			baseConfigurationReference = C5C0285CA3A3EEB14F1FDF05 /* Pods-百思不得姐Tests.debug.xcconfig */;
			buildSettings = {
				BUNDLE_LOADER = "$(TEST_HOST)";
				CODE_SIGN_STYLE = Automatic;
				DEVELOPMENT_TEAM = X95794EHTS;
				INFOPLIST_FILE = "百思不得姐Tests/Info.plist";
				LD_RUNPATH_SEARCH_PATHS = (
					"$(inherited)",
					"@executable_path/Frameworks",
					"@loader_path/Frameworks",
				);
				PRODUCT_BUNDLE_IDENTIFIER = "www.sunzexin.com.-----Tests";
				PRODUCT_NAME = "$(TARGET_NAME)";
				TARGETED_DEVICE_FAMILY = "1,2";
				TEST_HOST = "$(BUILT_PRODUCTS_DIR)/百思不得姐.app/百思不得姐";
			};
			name = Debug;
		};
		A0DBFBA923091A0100FA612E /* Release */ = {
			isa = XCBuildConfiguration;
			baseConfigurationReference = B15AAC2F7127B1AAD078ED48 /* Pods-百思不得姐Tests.release.xcconfig */;
			buildSettings = {
				BUNDLE_LOADER = "$(TEST_HOST)";
				CODE_SIGN_STYLE = Automatic;
				DEVELOPMENT_TEAM = X95794EHTS;
				INFOPLIST_FILE = "百思不得姐Tests/Info.plist";
				LD_RUNPATH_SEARCH_PATHS = (
					"$(inherited)",
					"@executable_path/Frameworks",
					"@loader_path/Frameworks",
				);
				PRODUCT_BUNDLE_IDENTIFIER = "www.sunzexin.com.-----Tests";
				PRODUCT_NAME = "$(TARGET_NAME)";
				TARGETED_DEVICE_FAMILY = "1,2";
				TEST_HOST = "$(BUILT_PRODUCTS_DIR)/百思不得姐.app/百思不得姐";
			};
			name = Release;
		};
		A0DBFBAB23091A0100FA612E /* Debug */ = {
			isa = XCBuildConfiguration;
			baseConfigurationReference = 17382F0CE067B412B5CEF72B /* Pods-百思不得姐UITests.debug.xcconfig */;
			buildSettings = {
				CODE_SIGN_STYLE = Automatic;
				DEVELOPMENT_TEAM = X95794EHTS;
				INFOPLIST_FILE = "百思不得姐UITests/Info.plist";
				LD_RUNPATH_SEARCH_PATHS = (
					"$(inherited)",
					"@executable_path/Frameworks",
					"@loader_path/Frameworks",
				);
				PRODUCT_BUNDLE_IDENTIFIER = "www.sunzexin.com.-----UITests";
				PRODUCT_NAME = "$(TARGET_NAME)";
				TARGETED_DEVICE_FAMILY = "1,2";
				TEST_TARGET_NAME = "百思不得姐";
			};
			name = Debug;
		};
		A0DBFBAC23091A0100FA612E /* Release */ = {
			isa = XCBuildConfiguration;
			baseConfigurationReference = 01946EE54921F652C80235A0 /* Pods-百思不得姐UITests.release.xcconfig */;
			buildSettings = {
				CODE_SIGN_STYLE = Automatic;
				DEVELOPMENT_TEAM = X95794EHTS;
				INFOPLIST_FILE = "百思不得姐UITests/Info.plist";
				LD_RUNPATH_SEARCH_PATHS = (
					"$(inherited)",
					"@executable_path/Frameworks",
					"@loader_path/Frameworks",
				);
				PRODUCT_BUNDLE_IDENTIFIER = "www.sunzexin.com.-----UITests";
				PRODUCT_NAME = "$(TARGET_NAME)";
				TARGETED_DEVICE_FAMILY = "1,2";
				TEST_TARGET_NAME = "百思不得姐";
			};
			name = Release;
		};
/* End XCBuildConfiguration section */

/* Begin XCConfigurationList section */
		A0DBFB7323091A0000FA612E /* Build configuration list for PBXProject "百思不得姐" */ = {
			isa = XCConfigurationList;
			buildConfigurations = (
				A0DBFBA223091A0100FA612E /* Debug */,
				A0DBFBA323091A0100FA612E /* Release */,
			);
			defaultConfigurationIsVisible = 0;
			defaultConfigurationName = Release;
		};
		A0DBFBA423091A0100FA612E /* Build configuration list for PBXNativeTarget "百思不得姐" */ = {
			isa = XCConfigurationList;
			buildConfigurations = (
				A0DBFBA523091A0100FA612E /* Debug */,
				A0DBFBA623091A0100FA612E /* Release */,
			);
			defaultConfigurationIsVisible = 0;
			defaultConfigurationName = Release;
		};
		A0DBFBA723091A0100FA612E /* Build configuration list for PBXNativeTarget "百思不得姐Tests" */ = {
			isa = XCConfigurationList;
			buildConfigurations = (
				A0DBFBA823091A0100FA612E /* Debug */,
				A0DBFBA923091A0100FA612E /* Release */,
			);
			defaultConfigurationIsVisible = 0;
			defaultConfigurationName = Release;
		};
		A0DBFBAA23091A0100FA612E /* Build configuration list for PBXNativeTarget "百思不得姐UITests" */ = {
			isa = XCConfigurationList;
			buildConfigurations = (
				A0DBFBAB23091A0100FA612E /* Debug */,
				A0DBFBAC23091A0100FA612E /* Release */,
			);
			defaultConfigurationIsVisible = 0;
			defaultConfigurationName = Release;
		};
/* End XCConfigurationList section */
	};
	rootObject = A0DBFB7023091A0000FA612E /* Project object */;
}
